
Microsoft Visual Studio Solution File, Format Version 12.00
# Visual Studio 15
VisualStudioVersion = 15.0.27130.2026
MinimumVisualStudioVersion = 10.0.40219.1
Project("{FAE04EC0-301F-11D3-BF4B-00C04F79EFBC}") = "FXBusinessLogic", "FXBusinessLogic\FXBusinessLogic.csproj", "{64761A20-F2D4-4AC1-BE44-07AB7EACE6F6}"
EndProject
Project("{FAE04EC0-301F-11D3-BF4B-00C04F79EFBC}") = "WinClient", "WinClient\WinClient.csproj", "{ED94A0F4-6E09-4CC4-8BB9-7D60A32A8676}"
EndProject
Project("{FAE04EC0-301F-11D3-BF4B-00C04F79EFBC}") = "MainServer", "MainServer\MainServer.csproj", "{09082B9A-906C-4A17-A2E5-6C947DAC7C85}"
EndProject
Project("{FAE04EC0-301F-11D3-BF4B-00C04F79EFBC}") = "BusinessObjects", "BusinessObjects\BusinessObjects.csproj", "{B9151E6C-E756-43C2-A70F-C6FB46621809}"
EndProject
Project("{FAE04EC0-301F-11D3-BF4B-00C04F79EFBC}") = "ThriftMQL", "ThriftMQL\ThriftMQL.csproj", "{499EB63C-D74C-47E8-AE48-A2FC94538E9D}"
EndProject
Project("{FAE04EC0-301F-11D3-BF4B-00C04F79EFBC}") = "Thrift.46", "ThriftMQL\Thrift.46.csproj", "{EBCE35DA-CF6A-42BC-A357-A9C09B534299}"
EndProject
Project("{FAE04EC0-301F-11D3-BF4B-00C04F79EFBC}") = "ConsoleClient", "ConsoleClient\ConsoleClient.csproj", "{D60984DE-CAE5-449E-8A22-1545D170B8EA}"
EndProject
Global
	GlobalSection(SolutionConfigurationPlatforms) = preSolution
		Debug|Any CPU = Debug|Any CPU
		Debug|Mixed Platforms = Debug|Mixed Platforms
		Debug|Win32 = Debug|Win32
		Debug|x64 = Debug|x64
		Debug|x86 = Debug|x86
		Debug-mt|Any CPU = Debug-mt|Any CPU
		Debug-mt|Mixed Platforms = Debug-mt|Mixed Platforms
		Debug-mt|Win32 = Debug-mt|Win32
		Debug-mt|x64 = Debug-mt|x64
		Debug-mt|x86 = Debug-mt|x86
		EasyTest|Any CPU = EasyTest|Any CPU
		EasyTest|Mixed Platforms = EasyTest|Mixed Platforms
		EasyTest|Win32 = EasyTest|Win32
		EasyTest|x64 = EasyTest|x64
		EasyTest|x86 = EasyTest|x86
		Release|Any CPU = Release|Any CPU
		Release|Mixed Platforms = Release|Mixed Platforms
		Release|Win32 = Release|Win32
		Release|x64 = Release|x64
		Release|x86 = Release|x86
		Release64|Any CPU = Release64|Any CPU
		Release64|Mixed Platforms = Release64|Mixed Platforms
		Release64|Win32 = Release64|Win32
		Release64|x64 = Release64|x64
		Release64|x86 = Release64|x86
		Release-mt|Any CPU = Release-mt|Any CPU
		Release-mt|Mixed Platforms = Release-mt|Mixed Platforms
		Release-mt|Win32 = Release-mt|Win32
		Release-mt|x64 = Release-mt|x64
		Release-mt|x86 = Release-mt|x86
	EndGlobalSection
	GlobalSection(ProjectConfigurationPlatforms) = postSolution
		{64761A20-F2D4-4AC1-BE44-07AB7EACE6F6}.Debug|Any CPU.ActiveCfg = Debug|Any CPU
		{64761A20-F2D4-4AC1-BE44-07AB7EACE6F6}.Debug|Any CPU.Build.0 = Debug|Any CPU
		{64761A20-F2D4-4AC1-BE44-07AB7EACE6F6}.Debug|Mixed Platforms.ActiveCfg = Debug|Any CPU
		{64761A20-F2D4-4AC1-BE44-07AB7EACE6F6}.Debug|Mixed Platforms.Build.0 = Debug|Any CPU
		{64761A20-F2D4-4AC1-BE44-07AB7EACE6F6}.Debug|Win32.ActiveCfg = Debug|Any CPU
		{64761A20-F2D4-4AC1-BE44-07AB7EACE6F6}.Debug|x64.ActiveCfg = Debug|Any CPU
		{64761A20-F2D4-4AC1-BE44-07AB7EACE6F6}.Debug|x86.ActiveCfg = Debug|Any CPU
		{64761A20-F2D4-4AC1-BE44-07AB7EACE6F6}.Debug-mt|Any CPU.ActiveCfg = Debug|Any CPU
		{64761A20-F2D4-4AC1-BE44-07AB7EACE6F6}.Debug-mt|Any CPU.Build.0 = Debug|Any CPU
		{64761A20-F2D4-4AC1-BE44-07AB7EACE6F6}.Debug-mt|Mixed Platforms.ActiveCfg = Debug|Any CPU
		{64761A20-F2D4-4AC1-BE44-07AB7EACE6F6}.Debug-mt|Mixed Platforms.Build.0 = Debug|Any CPU
		{64761A20-F2D4-4AC1-BE44-07AB7EACE6F6}.Debug-mt|Win32.ActiveCfg = Debug|Any CPU
		{64761A20-F2D4-4AC1-BE44-07AB7EACE6F6}.Debug-mt|x64.ActiveCfg = Debug|Any CPU
		{64761A20-F2D4-4AC1-BE44-07AB7EACE6F6}.Debug-mt|x86.ActiveCfg = Debug|Any CPU
		{64761A20-F2D4-4AC1-BE44-07AB7EACE6F6}.EasyTest|Any CPU.ActiveCfg = Release|Any CPU
		{64761A20-F2D4-4AC1-BE44-07AB7EACE6F6}.EasyTest|Any CPU.Build.0 = Release|Any CPU
		{64761A20-F2D4-4AC1-BE44-07AB7EACE6F6}.EasyTest|Mixed Platforms.ActiveCfg = Release|Any CPU
		{64761A20-F2D4-4AC1-BE44-07AB7EACE6F6}.EasyTest|Mixed Platforms.Build.0 = Release|Any CPU
		{64761A20-F2D4-4AC1-BE44-07AB7EACE6F6}.EasyTest|Win32.ActiveCfg = Release|Any CPU
		{64761A20-F2D4-4AC1-BE44-07AB7EACE6F6}.EasyTest|x64.ActiveCfg = Release|Any CPU
		{64761A20-F2D4-4AC1-BE44-07AB7EACE6F6}.EasyTest|x86.ActiveCfg = Release|Any CPU
		{64761A20-F2D4-4AC1-BE44-07AB7EACE6F6}.Release|Any CPU.ActiveCfg = Release|Any CPU
		{64761A20-F2D4-4AC1-BE44-07AB7EACE6F6}.Release|Any CPU.Build.0 = Release|Any CPU
		{64761A20-F2D4-4AC1-BE44-07AB7EACE6F6}.Release|Mixed Platforms.ActiveCfg = Release|Any CPU
		{64761A20-F2D4-4AC1-BE44-07AB7EACE6F6}.Release|Mixed Platforms.Build.0 = Release|Any CPU
		{64761A20-F2D4-4AC1-BE44-07AB7EACE6F6}.Release|Win32.ActiveCfg = Release|Any CPU
		{64761A20-F2D4-4AC1-BE44-07AB7EACE6F6}.Release|x64.ActiveCfg = Release|Any CPU
		{64761A20-F2D4-4AC1-BE44-07AB7EACE6F6}.Release|x86.ActiveCfg = Release|Any CPU
		{64761A20-F2D4-4AC1-BE44-07AB7EACE6F6}.Release64|Any CPU.ActiveCfg = Release|Any CPU
		{64761A20-F2D4-4AC1-BE44-07AB7EACE6F6}.Release64|Any CPU.Build.0 = Release|Any CPU
		{64761A20-F2D4-4AC1-BE44-07AB7EACE6F6}.Release64|Mixed Platforms.ActiveCfg = Release|Any CPU
		{64761A20-F2D4-4AC1-BE44-07AB7EACE6F6}.Release64|Mixed Platforms.Build.0 = Release|Any CPU
		{64761A20-F2D4-4AC1-BE44-07AB7EACE6F6}.Release64|Win32.ActiveCfg = Release|Any CPU
		{64761A20-F2D4-4AC1-BE44-07AB7EACE6F6}.Release64|Win32.Build.0 = Release|Any CPU
		{64761A20-F2D4-4AC1-BE44-07AB7EACE6F6}.Release64|x64.ActiveCfg = Release|Any CPU
		{64761A20-F2D4-4AC1-BE44-07AB7EACE6F6}.Release64|x64.Build.0 = Release|Any CPU
		{64761A20-F2D4-4AC1-BE44-07AB7EACE6F6}.Release64|x86.ActiveCfg = Release|Any CPU
		{64761A20-F2D4-4AC1-BE44-07AB7EACE6F6}.Release64|x86.Build.0 = Release|Any CPU
		{64761A20-F2D4-4AC1-BE44-07AB7EACE6F6}.Release-mt|Any CPU.ActiveCfg = Release|Any CPU
		{64761A20-F2D4-4AC1-BE44-07AB7EACE6F6}.Release-mt|Any CPU.Build.0 = Release|Any CPU
		{64761A20-F2D4-4AC1-BE44-07AB7EACE6F6}.Release-mt|Mixed Platforms.ActiveCfg = Release|Any CPU
		{64761A20-F2D4-4AC1-BE44-07AB7EACE6F6}.Release-mt|Mixed Platforms.Build.0 = Release|Any CPU
		{64761A20-F2D4-4AC1-BE44-07AB7EACE6F6}.Release-mt|Win32.ActiveCfg = Release|Any CPU
		{64761A20-F2D4-4AC1-BE44-07AB7EACE6F6}.Release-mt|x64.ActiveCfg = Release|Any CPU
		{64761A20-F2D4-4AC1-BE44-07AB7EACE6F6}.Release-mt|x86.ActiveCfg = Release|Any CPU
		{ED94A0F4-6E09-4CC4-8BB9-7D60A32A8676}.Debug|Any CPU.ActiveCfg = Debug|Any CPU
		{ED94A0F4-6E09-4CC4-8BB9-7D60A32A8676}.Debug|Any CPU.Build.0 = Debug|Any CPU
		{ED94A0F4-6E09-4CC4-8BB9-7D60A32A8676}.Debug|Mixed Platforms.ActiveCfg = Debug|Any CPU
		{ED94A0F4-6E09-4CC4-8BB9-7D60A32A8676}.Debug|Mixed Platforms.Build.0 = Debug|Any CPU
		{ED94A0F4-6E09-4CC4-8BB9-7D60A32A8676}.Debug|Win32.ActiveCfg = Debug|Any CPU
		{ED94A0F4-6E09-4CC4-8BB9-7D60A32A8676}.Debug|x64.ActiveCfg = Debug|Any CPU
		{ED94A0F4-6E09-4CC4-8BB9-7D60A32A8676}.Debug|x86.ActiveCfg = Debug|Any CPU
		{ED94A0F4-6E09-4CC4-8BB9-7D60A32A8676}.Debug-mt|Any CPU.ActiveCfg = Debug|Any CPU
		{ED94A0F4-6E09-4CC4-8BB9-7D60A32A8676}.Debug-mt|Any CPU.Build.0 = Debug|Any CPU
		{ED94A0F4-6E09-4CC4-8BB9-7D60A32A8676}.Debug-mt|Mixed Platforms.ActiveCfg = Debug|Any CPU
		{ED94A0F4-6E09-4CC4-8BB9-7D60A32A8676}.Debug-mt|Mixed Platforms.Build.0 = Debug|Any CPU
		{ED94A0F4-6E09-4CC4-8BB9-7D60A32A8676}.Debug-mt|Win32.ActiveCfg = Debug|Any CPU
		{ED94A0F4-6E09-4CC4-8BB9-7D60A32A8676}.Debug-mt|x64.ActiveCfg = Debug|Any CPU
		{ED94A0F4-6E09-4CC4-8BB9-7D60A32A8676}.Debug-mt|x86.ActiveCfg = Debug|Any CPU
		{ED94A0F4-6E09-4CC4-8BB9-7D60A32A8676}.EasyTest|Any CPU.ActiveCfg = Release|Any CPU
		{ED94A0F4-6E09-4CC4-8BB9-7D60A32A8676}.EasyTest|Any CPU.Build.0 = Release|Any CPU
		{ED94A0F4-6E09-4CC4-8BB9-7D60A32A8676}.EasyTest|Mixed Platforms.ActiveCfg = Release|Any CPU
		{ED94A0F4-6E09-4CC4-8BB9-7D60A32A8676}.EasyTest|Mixed Platforms.Build.0 = Release|Any CPU
		{ED94A0F4-6E09-4CC4-8BB9-7D60A32A8676}.EasyTest|Win32.ActiveCfg = Release|Any CPU
		{ED94A0F4-6E09-4CC4-8BB9-7D60A32A8676}.EasyTest|x64.ActiveCfg = Release|Any CPU
		{ED94A0F4-6E09-4CC4-8BB9-7D60A32A8676}.EasyTest|x86.ActiveCfg = Release|Any CPU
		{ED94A0F4-6E09-4CC4-8BB9-7D60A32A8676}.Release|Any CPU.ActiveCfg = Release|Any CPU
		{ED94A0F4-6E09-4CC4-8BB9-7D60A32A8676}.Release|Any CPU.Build.0 = Release|Any CPU
		{ED94A0F4-6E09-4CC4-8BB9-7D60A32A8676}.Release|Mixed Platforms.ActiveCfg = Release|Any CPU
		{ED94A0F4-6E09-4CC4-8BB9-7D60A32A8676}.Release|Mixed Platforms.Build.0 = Release|Any CPU
		{ED94A0F4-6E09-4CC4-8BB9-7D60A32A8676}.Release|Win32.ActiveCfg = Release|Any CPU
		{ED94A0F4-6E09-4CC4-8BB9-7D60A32A8676}.Release|x64.ActiveCfg = Release|Any CPU
		{ED94A0F4-6E09-4CC4-8BB9-7D60A32A8676}.Release|x86.ActiveCfg = Release|Any CPU
		{ED94A0F4-6E09-4CC4-8BB9-7D60A32A8676}.Release64|Any CPU.ActiveCfg = Release|Any CPU
		{ED94A0F4-6E09-4CC4-8BB9-7D60A32A8676}.Release64|Any CPU.Build.0 = Release|Any CPU
		{ED94A0F4-6E09-4CC4-8BB9-7D60A32A8676}.Release64|Mixed Platforms.ActiveCfg = Release|Any CPU
		{ED94A0F4-6E09-4CC4-8BB9-7D60A32A8676}.Release64|Mixed Platforms.Build.0 = Release|Any CPU
		{ED94A0F4-6E09-4CC4-8BB9-7D60A32A8676}.Release64|Win32.ActiveCfg = Release|Any CPU
		{ED94A0F4-6E09-4CC4-8BB9-7D60A32A8676}.Release64|Win32.Build.0 = Release|Any CPU
		{ED94A0F4-6E09-4CC4-8BB9-7D60A32A8676}.Release64|x64.ActiveCfg = Release|Any CPU
		{ED94A0F4-6E09-4CC4-8BB9-7D60A32A8676}.Release64|x64.Build.0 = Release|Any CPU
		{ED94A0F4-6E09-4CC4-8BB9-7D60A32A8676}.Release64|x86.ActiveCfg = Release|Any CPU
		{ED94A0F4-6E09-4CC4-8BB9-7D60A32A8676}.Release64|x86.Build.0 = Release|Any CPU
		{ED94A0F4-6E09-4CC4-8BB9-7D60A32A8676}.Release-mt|Any CPU.ActiveCfg = Release|Any CPU
		{ED94A0F4-6E09-4CC4-8BB9-7D60A32A8676}.Release-mt|Any CPU.Build.0 = Release|Any CPU
		{ED94A0F4-6E09-4CC4-8BB9-7D60A32A8676}.Release-mt|Mixed Platforms.ActiveCfg = Release|Any CPU
		{ED94A0F4-6E09-4CC4-8BB9-7D60A32A8676}.Release-mt|Mixed Platforms.Build.0 = Release|Any CPU
		{ED94A0F4-6E09-4CC4-8BB9-7D60A32A8676}.Release-mt|Win32.ActiveCfg = Release|Any CPU
		{ED94A0F4-6E09-4CC4-8BB9-7D60A32A8676}.Release-mt|x64.ActiveCfg = Release|Any CPU
		{ED94A0F4-6E09-4CC4-8BB9-7D60A32A8676}.Release-mt|x86.ActiveCfg = Release|Any CPU
		{09082B9A-906C-4A17-A2E5-6C947DAC7C85}.Debug|Any CPU.ActiveCfg = Debug|Any CPU
		{09082B9A-906C-4A17-A2E5-6C947DAC7C85}.Debug|Any CPU.Build.0 = Debug|Any CPU
		{09082B9A-906C-4A17-A2E5-6C947DAC7C85}.Debug|Mixed Platforms.ActiveCfg = Debug|Any CPU
		{09082B9A-906C-4A17-A2E5-6C947DAC7C85}.Debug|Mixed Platforms.Build.0 = Debug|Any CPU
		{09082B9A-906C-4A17-A2E5-6C947DAC7C85}.Debug|Win32.ActiveCfg = Debug|Any CPU
		{09082B9A-906C-4A17-A2E5-6C947DAC7C85}.Debug|x64.ActiveCfg = Debug|Any CPU
		{09082B9A-906C-4A17-A2E5-6C947DAC7C85}.Debug|x86.ActiveCfg = Debug|Any CPU
		{09082B9A-906C-4A17-A2E5-6C947DAC7C85}.Debug-mt|Any CPU.ActiveCfg = Debug|Any CPU
		{09082B9A-906C-4A17-A2E5-6C947DAC7C85}.Debug-mt|Any CPU.Build.0 = Debug|Any CPU
		{09082B9A-906C-4A17-A2E5-6C947DAC7C85}.Debug-mt|Mixed Platforms.ActiveCfg = Debug|Any CPU
		{09082B9A-906C-4A17-A2E5-6C947DAC7C85}.Debug-mt|Mixed Platforms.Build.0 = Debug|Any CPU
		{09082B9A-906C-4A17-A2E5-6C947DAC7C85}.Debug-mt|Win32.ActiveCfg = Debug|Any CPU
		{09082B9A-906C-4A17-A2E5-6C947DAC7C85}.Debug-mt|x64.ActiveCfg = Debug|Any CPU
		{09082B9A-906C-4A17-A2E5-6C947DAC7C85}.Debug-mt|x86.ActiveCfg = Debug|Any CPU
		{09082B9A-906C-4A17-A2E5-6C947DAC7C85}.EasyTest|Any CPU.ActiveCfg = Release|Any CPU
		{09082B9A-906C-4A17-A2E5-6C947DAC7C85}.EasyTest|Any CPU.Build.0 = Release|Any CPU
		{09082B9A-906C-4A17-A2E5-6C947DAC7C85}.EasyTest|Mixed Platforms.ActiveCfg = Release|Any CPU
		{09082B9A-906C-4A17-A2E5-6C947DAC7C85}.EasyTest|Mixed Platforms.Build.0 = Release|Any CPU
		{09082B9A-906C-4A17-A2E5-6C947DAC7C85}.EasyTest|Win32.ActiveCfg = Release|Any CPU
		{09082B9A-906C-4A17-A2E5-6C947DAC7C85}.EasyTest|x64.ActiveCfg = Release|Any CPU
		{09082B9A-906C-4A17-A2E5-6C947DAC7C85}.EasyTest|x86.ActiveCfg = Release|Any CPU
		{09082B9A-906C-4A17-A2E5-6C947DAC7C85}.Release|Any CPU.ActiveCfg = Release|Any CPU
		{09082B9A-906C-4A17-A2E5-6C947DAC7C85}.Release|Any CPU.Build.0 = Release|Any CPU
		{09082B9A-906C-4A17-A2E5-6C947DAC7C85}.Release|Mixed Platforms.ActiveCfg = Release|Any CPU
		{09082B9A-906C-4A17-A2E5-6C947DAC7C85}.Release|Mixed Platforms.Build.0 = Release|Any CPU
		{09082B9A-906C-4A17-A2E5-6C947DAC7C85}.Release|Win32.ActiveCfg = Release|Any CPU
		{09082B9A-906C-4A17-A2E5-6C947DAC7C85}.Release|x64.ActiveCfg = Release|Any CPU
		{09082B9A-906C-4A17-A2E5-6C947DAC7C85}.Release|x86.ActiveCfg = Release|Any CPU
		{09082B9A-906C-4A17-A2E5-6C947DAC7C85}.Release64|Any CPU.ActiveCfg = Release|Any CPU
		{09082B9A-906C-4A17-A2E5-6C947DAC7C85}.Release64|Any CPU.Build.0 = Release|Any CPU
		{09082B9A-906C-4A17-A2E5-6C947DAC7C85}.Release64|Mixed Platforms.ActiveCfg = Release|Any CPU
		{09082B9A-906C-4A17-A2E5-6C947DAC7C85}.Release64|Mixed Platforms.Build.0 = Release|Any CPU
		{09082B9A-906C-4A17-A2E5-6C947DAC7C85}.Release64|Win32.ActiveCfg = Release|Any CPU
		{09082B9A-906C-4A17-A2E5-6C947DAC7C85}.Release64|Win32.Build.0 = Release|Any CPU
		{09082B9A-906C-4A17-A2E5-6C947DAC7C85}.Release64|x64.ActiveCfg = Release|Any CPU
		{09082B9A-906C-4A17-A2E5-6C947DAC7C85}.Release64|x64.Build.0 = Release|Any CPU
		{09082B9A-906C-4A17-A2E5-6C947DAC7C85}.Release64|x86.ActiveCfg = Release|Any CPU
		{09082B9A-906C-4A17-A2E5-6C947DAC7C85}.Release64|x86.Build.0 = Release|Any CPU
		{09082B9A-906C-4A17-A2E5-6C947DAC7C85}.Release-mt|Any CPU.ActiveCfg = Release|Any CPU
		{09082B9A-906C-4A17-A2E5-6C947DAC7C85}.Release-mt|Any CPU.Build.0 = Release|Any CPU
		{09082B9A-906C-4A17-A2E5-6C947DAC7C85}.Release-mt|Mixed Platforms.ActiveCfg = Release|Any CPU
		{09082B9A-906C-4A17-A2E5-6C947DAC7C85}.Release-mt|Mixed Platforms.Build.0 = Release|Any CPU
		{09082B9A-906C-4A17-A2E5-6C947DAC7C85}.Release-mt|Win32.ActiveCfg = Release|Any CPU
		{09082B9A-906C-4A17-A2E5-6C947DAC7C85}.Release-mt|x64.ActiveCfg = Release|Any CPU
		{09082B9A-906C-4A17-A2E5-6C947DAC7C85}.Release-mt|x86.ActiveCfg = Release|Any CPU
		{B9151E6C-E756-43C2-A70F-C6FB46621809}.Debug|Any CPU.ActiveCfg = Debug|Any CPU
		{B9151E6C-E756-43C2-A70F-C6FB46621809}.Debug|Any CPU.Build.0 = Debug|Any CPU
		{B9151E6C-E756-43C2-A70F-C6FB46621809}.Debug|Mixed Platforms.ActiveCfg = Debug|Any CPU
		{B9151E6C-E756-43C2-A70F-C6FB46621809}.Debug|Mixed Platforms.Build.0 = Debug|Any CPU
		{B9151E6C-E756-43C2-A70F-C6FB46621809}.Debug|Win32.ActiveCfg = Debug|Any CPU
		{B9151E6C-E756-43C2-A70F-C6FB46621809}.Debug|x64.ActiveCfg = Debug|Any CPU
		{B9151E6C-E756-43C2-A70F-C6FB46621809}.Debug|x86.ActiveCfg = Debug|Any CPU
		{B9151E6C-E756-43C2-A70F-C6FB46621809}.Debug-mt|Any CPU.ActiveCfg = Debug|Any CPU
		{B9151E6C-E756-43C2-A70F-C6FB46621809}.Debug-mt|Any CPU.Build.0 = Debug|Any CPU
		{B9151E6C-E756-43C2-A70F-C6FB46621809}.Debug-mt|Mixed Platforms.ActiveCfg = Debug|Any CPU
		{B9151E6C-E756-43C2-A70F-C6FB46621809}.Debug-mt|Mixed Platforms.Build.0 = Debug|Any CPU
		{B9151E6C-E756-43C2-A70F-C6FB46621809}.Debug-mt|Win32.ActiveCfg = Debug|Any CPU
		{B9151E6C-E756-43C2-A70F-C6FB46621809}.Debug-mt|x64.ActiveCfg = Debug|Any CPU
		{B9151E6C-E756-43C2-A70F-C6FB46621809}.Debug-mt|x86.ActiveCfg = Debug|Any CPU
		{B9151E6C-E756-43C2-A70F-C6FB46621809}.EasyTest|Any CPU.ActiveCfg = Release|Any CPU
		{B9151E6C-E756-43C2-A70F-C6FB46621809}.EasyTest|Any CPU.Build.0 = Release|Any CPU
		{B9151E6C-E756-43C2-A70F-C6FB46621809}.EasyTest|Mixed Platforms.ActiveCfg = Release|Any CPU
		{B9151E6C-E756-43C2-A70F-C6FB46621809}.EasyTest|Mixed Platforms.Build.0 = Release|Any CPU
		{B9151E6C-E756-43C2-A70F-C6FB46621809}.EasyTest|Win32.ActiveCfg = Release|Any CPU
		{B9151E6C-E756-43C2-A70F-C6FB46621809}.EasyTest|x64.ActiveCfg = Release|Any CPU
		{B9151E6C-E756-43C2-A70F-C6FB46621809}.EasyTest|x86.ActiveCfg = Release|Any CPU
		{B9151E6C-E756-43C2-A70F-C6FB46621809}.Release|Any CPU.ActiveCfg = Release|Any CPU
		{B9151E6C-E756-43C2-A70F-C6FB46621809}.Release|Any CPU.Build.0 = Release|Any CPU
		{B9151E6C-E756-43C2-A70F-C6FB46621809}.Release|Mixed Platforms.ActiveCfg = Release|Any CPU
		{B9151E6C-E756-43C2-A70F-C6FB46621809}.Release|Mixed Platforms.Build.0 = Release|Any CPU
		{B9151E6C-E756-43C2-A70F-C6FB46621809}.Release|Win32.ActiveCfg = Release|Any CPU
		{B9151E6C-E756-43C2-A70F-C6FB46621809}.Release|x64.ActiveCfg = Release|Any CPU
		{B9151E6C-E756-43C2-A70F-C6FB46621809}.Release|x86.ActiveCfg = Release|Any CPU
		{B9151E6C-E756-43C2-A70F-C6FB46621809}.Release64|Any CPU.ActiveCfg = Release|Any CPU
		{B9151E6C-E756-43C2-A70F-C6FB46621809}.Release64|Any CPU.Build.0 = Release|Any CPU
		{B9151E6C-E756-43C2-A70F-C6FB46621809}.Release64|Mixed Platforms.ActiveCfg = Release|Any CPU
		{B9151E6C-E756-43C2-A70F-C6FB46621809}.Release64|Mixed Platforms.Build.0 = Release|Any CPU
		{B9151E6C-E756-43C2-A70F-C6FB46621809}.Release64|Win32.ActiveCfg = Release|Any CPU
		{B9151E6C-E756-43C2-A70F-C6FB46621809}.Release64|Win32.Build.0 = Release|Any CPU
		{B9151E6C-E756-43C2-A70F-C6FB46621809}.Release64|x64.ActiveCfg = Release|Any CPU
		{B9151E6C-E756-43C2-A70F-C6FB46621809}.Release64|x64.Build.0 = Release|Any CPU
		{B9151E6C-E756-43C2-A70F-C6FB46621809}.Release64|x86.ActiveCfg = Release|Any CPU
		{B9151E6C-E756-43C2-A70F-C6FB46621809}.Release64|x86.Build.0 = Release|Any CPU
		{B9151E6C-E756-43C2-A70F-C6FB46621809}.Release-mt|Any CPU.ActiveCfg = Release|Any CPU
		{B9151E6C-E756-43C2-A70F-C6FB46621809}.Release-mt|Any CPU.Build.0 = Release|Any CPU
		{B9151E6C-E756-43C2-A70F-C6FB46621809}.Release-mt|Mixed Platforms.ActiveCfg = Release|Any CPU
		{B9151E6C-E756-43C2-A70F-C6FB46621809}.Release-mt|Mixed Platforms.Build.0 = Release|Any CPU
		{B9151E6C-E756-43C2-A70F-C6FB46621809}.Release-mt|Win32.ActiveCfg = Release|Any CPU
		{B9151E6C-E756-43C2-A70F-C6FB46621809}.Release-mt|x64.ActiveCfg = Release|Any CPU
		{B9151E6C-E756-43C2-A70F-C6FB46621809}.Release-mt|x86.ActiveCfg = Release|Any CPU
		{499EB63C-D74C-47E8-AE48-A2FC94538E9D}.Debug|Any CPU.ActiveCfg = Debug|Any CPU
		{499EB63C-D74C-47E8-AE48-A2FC94538E9D}.Debug|Any CPU.Build.0 = Debug|Any CPU
		{499EB63C-D74C-47E8-AE48-A2FC94538E9D}.Debug|Mixed Platforms.ActiveCfg = Release64|Any CPU
		{499EB63C-D74C-47E8-AE48-A2FC94538E9D}.Debug|Mixed Platforms.Build.0 = Release64|Any CPU
		{499EB63C-D74C-47E8-AE48-A2FC94538E9D}.Debug|Win32.ActiveCfg = Debug|Any CPU
		{499EB63C-D74C-47E8-AE48-A2FC94538E9D}.Debug|x64.ActiveCfg = Debug|Any CPU
		{499EB63C-D74C-47E8-AE48-A2FC94538E9D}.Debug|x86.ActiveCfg = Debug|Any CPU
		{499EB63C-D74C-47E8-AE48-A2FC94538E9D}.Debug-mt|Any CPU.ActiveCfg = Debug|Any CPU
		{499EB63C-D74C-47E8-AE48-A2FC94538E9D}.Debug-mt|Any CPU.Build.0 = Debug|Any CPU
		{499EB63C-D74C-47E8-AE48-A2FC94538E9D}.Debug-mt|Mixed Platforms.ActiveCfg = Debug|Any CPU
		{499EB63C-D74C-47E8-AE48-A2FC94538E9D}.Debug-mt|Mixed Platforms.Build.0 = Debug|Any CPU
		{499EB63C-D74C-47E8-AE48-A2FC94538E9D}.Debug-mt|Win32.ActiveCfg = Debug|Any CPU
		{499EB63C-D74C-47E8-AE48-A2FC94538E9D}.Debug-mt|x64.ActiveCfg = Debug|Any CPU
		{499EB63C-D74C-47E8-AE48-A2FC94538E9D}.Debug-mt|x86.ActiveCfg = Debug|Any CPU
		{499EB63C-D74C-47E8-AE48-A2FC94538E9D}.EasyTest|Any CPU.ActiveCfg = Release|Any CPU
		{499EB63C-D74C-47E8-AE48-A2FC94538E9D}.EasyTest|Any CPU.Build.0 = Release|Any CPU
		{499EB63C-D74C-47E8-AE48-A2FC94538E9D}.EasyTest|Mixed Platforms.ActiveCfg = Release|Any CPU
		{499EB63C-D74C-47E8-AE48-A2FC94538E9D}.EasyTest|Mixed Platforms.Build.0 = Release|Any CPU
		{499EB63C-D74C-47E8-AE48-A2FC94538E9D}.EasyTest|Win32.ActiveCfg = Release|Any CPU
		{499EB63C-D74C-47E8-AE48-A2FC94538E9D}.EasyTest|x64.ActiveCfg = Release|Any CPU
		{499EB63C-D74C-47E8-AE48-A2FC94538E9D}.EasyTest|x86.ActiveCfg = Release|Any CPU
		{499EB63C-D74C-47E8-AE48-A2FC94538E9D}.Release|Any CPU.ActiveCfg = Release|Any CPU
		{499EB63C-D74C-47E8-AE48-A2FC94538E9D}.Release|Any CPU.Build.0 = Release|Any CPU
		{499EB63C-D74C-47E8-AE48-A2FC94538E9D}.Release|Mixed Platforms.ActiveCfg = Release64|Any CPU
		{499EB63C-D74C-47E8-AE48-A2FC94538E9D}.Release|Mixed Platforms.Build.0 = Release64|Any CPU
		{499EB63C-D74C-47E8-AE48-A2FC94538E9D}.Release|Win32.ActiveCfg = Release|Any CPU
		{499EB63C-D74C-47E8-AE48-A2FC94538E9D}.Release|x64.ActiveCfg = Release|Any CPU
		{499EB63C-D74C-47E8-AE48-A2FC94538E9D}.Release|x86.ActiveCfg = Release|Any CPU
		{499EB63C-D74C-47E8-AE48-A2FC94538E9D}.Release64|Any CPU.ActiveCfg = Release64|Any CPU
		{499EB63C-D74C-47E8-AE48-A2FC94538E9D}.Release64|Any CPU.Build.0 = Release64|Any CPU
		{499EB63C-D74C-47E8-AE48-A2FC94538E9D}.Release64|Mixed Platforms.ActiveCfg = Release64|Any CPU
		{499EB63C-D74C-47E8-AE48-A2FC94538E9D}.Release64|Mixed Platforms.Build.0 = Release64|Any CPU
		{499EB63C-D74C-47E8-AE48-A2FC94538E9D}.Release64|Win32.ActiveCfg = Release64|Any CPU
		{499EB63C-D74C-47E8-AE48-A2FC94538E9D}.Release64|Win32.Build.0 = Release64|Any CPU
		{499EB63C-D74C-47E8-AE48-A2FC94538E9D}.Release64|x64.ActiveCfg = Release64|Any CPU
		{499EB63C-D74C-47E8-AE48-A2FC94538E9D}.Release64|x64.Build.0 = Release64|Any CPU
		{499EB63C-D74C-47E8-AE48-A2FC94538E9D}.Release64|x86.ActiveCfg = Release64|Any CPU
		{499EB63C-D74C-47E8-AE48-A2FC94538E9D}.Release64|x86.Build.0 = Release64|Any CPU
		{499EB63C-D74C-47E8-AE48-A2FC94538E9D}.Release-mt|Any CPU.ActiveCfg = Release|Any CPU
		{499EB63C-D74C-47E8-AE48-A2FC94538E9D}.Release-mt|Any CPU.Build.0 = Release|Any CPU
		{499EB63C-D74C-47E8-AE48-A2FC94538E9D}.Release-mt|Mixed Platforms.ActiveCfg = Release|Any CPU
		{499EB63C-D74C-47E8-AE48-A2FC94538E9D}.Release-mt|Mixed Platforms.Build.0 = Release|Any CPU
		{499EB63C-D74C-47E8-AE48-A2FC94538E9D}.Release-mt|Win32.ActiveCfg = Release|Any CPU
		{499EB63C-D74C-47E8-AE48-A2FC94538E9D}.Release-mt|x64.ActiveCfg = Release|Any CPU
		{499EB63C-D74C-47E8-AE48-A2FC94538E9D}.Release-mt|x86.ActiveCfg = Release|Any CPU
		{EBCE35DA-CF6A-42BC-A357-A9C09B534299}.Debug|Any CPU.ActiveCfg = Debug|Any CPU
		{EBCE35DA-CF6A-42BC-A357-A9C09B534299}.Debug|Any CPU.Build.0 = Debug|Any CPU
		{EBCE35DA-CF6A-42BC-A357-A9C09B534299}.Debug|Mixed Platforms.ActiveCfg = Debug|Any CPU
		{EBCE35DA-CF6A-42BC-A357-A9C09B534299}.Debug|Mixed Platforms.Build.0 = Debug|Any CPU
		{EBCE35DA-CF6A-42BC-A357-A9C09B534299}.Debug|Win32.ActiveCfg = Debug|Any CPU
		{EBCE35DA-CF6A-42BC-A357-A9C09B534299}.Debug|Win32.Build.0 = Debug|Any CPU
		{EBCE35DA-CF6A-42BC-A357-A9C09B534299}.Debug|x64.ActiveCfg = Debug|Any CPU
		{EBCE35DA-CF6A-42BC-A357-A9C09B534299}.Debug|x64.Build.0 = Debug|Any CPU
		{EBCE35DA-CF6A-42BC-A357-A9C09B534299}.Debug|x86.ActiveCfg = Debug|Any CPU
		{EBCE35DA-CF6A-42BC-A357-A9C09B534299}.Debug|x86.Build.0 = Debug|Any CPU
		{EBCE35DA-CF6A-42BC-A357-A9C09B534299}.Debug-mt|Any CPU.ActiveCfg = Debug|Any CPU
		{EBCE35DA-CF6A-42BC-A357-A9C09B534299}.Debug-mt|Any CPU.Build.0 = Debug|Any CPU
		{EBCE35DA-CF6A-42BC-A357-A9C09B534299}.Debug-mt|Mixed Platforms.ActiveCfg = Debug|Any CPU
		{EBCE35DA-CF6A-42BC-A357-A9C09B534299}.Debug-mt|Mixed Platforms.Build.0 = Debug|Any CPU
		{EBCE35DA-CF6A-42BC-A357-A9C09B534299}.Debug-mt|Win32.ActiveCfg = Debug|Any CPU
		{EBCE35DA-CF6A-42BC-A357-A9C09B534299}.Debug-mt|Win32.Build.0 = Debug|Any CPU
		{EBCE35DA-CF6A-42BC-A357-A9C09B534299}.Debug-mt|x64.ActiveCfg = Debug|Any CPU
		{EBCE35DA-CF6A-42BC-A357-A9C09B534299}.Debug-mt|x64.Build.0 = Debug|Any CPU
		{EBCE35DA-CF6A-42BC-A357-A9C09B534299}.Debug-mt|x86.ActiveCfg = Debug|Any CPU
		{EBCE35DA-CF6A-42BC-A357-A9C09B534299}.Debug-mt|x86.Build.0 = Debug|Any CPU
		{EBCE35DA-CF6A-42BC-A357-A9C09B534299}.EasyTest|Any CPU.ActiveCfg = Release|Any CPU
		{EBCE35DA-CF6A-42BC-A357-A9C09B534299}.EasyTest|Any CPU.Build.0 = Release|Any CPU
		{EBCE35DA-CF6A-42BC-A357-A9C09B534299}.EasyTest|Mixed Platforms.ActiveCfg = Release|Any CPU
		{EBCE35DA-CF6A-42BC-A357-A9C09B534299}.EasyTest|Mixed Platforms.Build.0 = Release|Any CPU
		{EBCE35DA-CF6A-42BC-A357-A9C09B534299}.EasyTest|Win32.ActiveCfg = Release|Any CPU
		{EBCE35DA-CF6A-42BC-A357-A9C09B534299}.EasyTest|Win32.Build.0 = Release|Any CPU
		{EBCE35DA-CF6A-42BC-A357-A9C09B534299}.EasyTest|x64.ActiveCfg = Release|Any CPU
		{EBCE35DA-CF6A-42BC-A357-A9C09B534299}.EasyTest|x64.Build.0 = Release|Any CPU
		{EBCE35DA-CF6A-42BC-A357-A9C09B534299}.EasyTest|x86.ActiveCfg = Release|Any CPU
		{EBCE35DA-CF6A-42BC-A357-A9C09B534299}.EasyTest|x86.Build.0 = Release|Any CPU
		{EBCE35DA-CF6A-42BC-A357-A9C09B534299}.Release|Any CPU.ActiveCfg = Release|Any CPU
		{EBCE35DA-CF6A-42BC-A357-A9C09B534299}.Release|Any CPU.Build.0 = Release|Any CPU
		{EBCE35DA-CF6A-42BC-A357-A9C09B534299}.Release|Mixed Platforms.ActiveCfg = Release|Any CPU
		{EBCE35DA-CF6A-42BC-A357-A9C09B534299}.Release|Mixed Platforms.Build.0 = Release|Any CPU
		{EBCE35DA-CF6A-42BC-A357-A9C09B534299}.Release|Win32.ActiveCfg = Release|Any CPU
		{EBCE35DA-CF6A-42BC-A357-A9C09B534299}.Release|Win32.Build.0 = Release|Any CPU
		{EBCE35DA-CF6A-42BC-A357-A9C09B534299}.Release|x64.ActiveCfg = Release|Any CPU
		{EBCE35DA-CF6A-42BC-A357-A9C09B534299}.Release|x64.Build.0 = Release|Any CPU
		{EBCE35DA-CF6A-42BC-A357-A9C09B534299}.Release|x86.ActiveCfg = Release|Any CPU
		{EBCE35DA-CF6A-42BC-A357-A9C09B534299}.Release|x86.Build.0 = Release|Any CPU
		{EBCE35DA-CF6A-42BC-A357-A9C09B534299}.Release64|Any CPU.ActiveCfg = Release|Any CPU
		{EBCE35DA-CF6A-42BC-A357-A9C09B534299}.Release64|Any CPU.Build.0 = Release|Any CPU
		{EBCE35DA-CF6A-42BC-A357-A9C09B534299}.Release64|Mixed Platforms.ActiveCfg = Release|Any CPU
		{EBCE35DA-CF6A-42BC-A357-A9C09B534299}.Release64|Mixed Platforms.Build.0 = Release|Any CPU
		{EBCE35DA-CF6A-42BC-A357-A9C09B534299}.Release64|Win32.ActiveCfg = Release|Any CPU
		{EBCE35DA-CF6A-42BC-A357-A9C09B534299}.Release64|Win32.Build.0 = Release|Any CPU
		{EBCE35DA-CF6A-42BC-A357-A9C09B534299}.Release64|x64.ActiveCfg = Release|Any CPU
		{EBCE35DA-CF6A-42BC-A357-A9C09B534299}.Release64|x64.Build.0 = Release|Any CPU
		{EBCE35DA-CF6A-42BC-A357-A9C09B534299}.Release64|x86.ActiveCfg = Release|Any CPU
		{EBCE35DA-CF6A-42BC-A357-A9C09B534299}.Release64|x86.Build.0 = Release|Any CPU
		{EBCE35DA-CF6A-42BC-A357-A9C09B534299}.Release-mt|Any CPU.ActiveCfg = Release|Any CPU
		{EBCE35DA-CF6A-42BC-A357-A9C09B534299}.Release-mt|Any CPU.Build.0 = Release|Any CPU
		{EBCE35DA-CF6A-42BC-A357-A9C09B534299}.Release-mt|Mixed Platforms.ActiveCfg = Release|Any CPU
		{EBCE35DA-CF6A-42BC-A357-A9C09B534299}.Release-mt|Mixed Platforms.Build.0 = Release|Any CPU
		{EBCE35DA-CF6A-42BC-A357-A9C09B534299}.Release-mt|Win32.ActiveCfg = Release|Any CPU
		{EBCE35DA-CF6A-42BC-A357-A9C09B534299}.Release-mt|Win32.Build.0 = Release|Any CPU
		{EBCE35DA-CF6A-42BC-A357-A9C09B534299}.Release-mt|x64.ActiveCfg = Release|Any CPU
		{EBCE35DA-CF6A-42BC-A357-A9C09B534299}.Release-mt|x64.Build.0 = Release|Any CPU
		{EBCE35DA-CF6A-42BC-A357-A9C09B534299}.Release-mt|x86.ActiveCfg = Release|Any CPU
		{EBCE35DA-CF6A-42BC-A357-A9C09B534299}.Release-mt|x86.Build.0 = Release|Any CPU
		{D60984DE-CAE5-449E-8A22-1545D170B8EA}.Debug|Any CPU.ActiveCfg = Debug|Any CPU
		{D60984DE-CAE5-449E-8A22-1545D170B8EA}.Debug|Any CPU.Build.0 = Debug|Any CPU
		{D60984DE-CAE5-449E-8A22-1545D170B8EA}.Debug|Mixed Platforms.ActiveCfg = Debug|Any CPU
		{D60984DE-CAE5-449E-8A22-1545D170B8EA}.Debug|Mixed Platforms.Build.0 = Debug|Any CPU
		{D60984DE-CAE5-449E-8A22-1545D170B8EA}.Debug|Win32.ActiveCfg = Debug|Any CPU
		{D60984DE-CAE5-449E-8A22-1545D170B8EA}.Debug|Win32.Build.0 = Debug|Any CPU
		{D60984DE-CAE5-449E-8A22-1545D170B8EA}.Debug|x64.ActiveCfg = Debug|Any CPU
		{D60984DE-CAE5-449E-8A22-1545D170B8EA}.Debug|x64.Build.0 = Debug|Any CPU
		{D60984DE-CAE5-449E-8A22-1545D170B8EA}.Debug|x86.ActiveCfg = Debug|Any CPU
		{D60984DE-CAE5-449E-8A22-1545D170B8EA}.Debug|x86.Build.0 = Debug|Any CPU
		{D60984DE-CAE5-449E-8A22-1545D170B8EA}.Debug-mt|Any CPU.ActiveCfg = Debug|Any CPU
		{D60984DE-CAE5-449E-8A22-1545D170B8EA}.Debug-mt|Any CPU.Build.0 = Debug|Any CPU
		{D60984DE-CAE5-449E-8A22-1545D170B8EA}.Debug-mt|Mixed Platforms.ActiveCfg = Debug|Any CPU
		{D60984DE-CAE5-449E-8A22-1545D170B8EA}.Debug-mt|Mixed Platforms.Build.0 = Debug|Any CPU
		{D60984DE-CAE5-449E-8A22-1545D170B8EA}.Debug-mt|Win32.ActiveCfg = Debug|Any CPU
		{D60984DE-CAE5-449E-8A22-1545D170B8EA}.Debug-mt|Win32.Build.0 = Debug|Any CPU
		{D60984DE-CAE5-449E-8A22-1545D170B8EA}.Debug-mt|x64.ActiveCfg = Debug|Any CPU
		{D60984DE-CAE5-449E-8A22-1545D170B8EA}.Debug-mt|x64.Build.0 = Debug|Any CPU
		{D60984DE-CAE5-449E-8A22-1545D170B8EA}.Debug-mt|x86.ActiveCfg = Debug|Any CPU
		{D60984DE-CAE5-449E-8A22-1545D170B8EA}.Debug-mt|x86.Build.0 = Debug|Any CPU
		{D60984DE-CAE5-449E-8A22-1545D170B8EA}.EasyTest|Any CPU.ActiveCfg = Release|Any CPU
		{D60984DE-CAE5-449E-8A22-1545D170B8EA}.EasyTest|Any CPU.Build.0 = Release|Any CPU
		{D60984DE-CAE5-449E-8A22-1545D170B8EA}.EasyTest|Mixed Platforms.ActiveCfg = Release|Any CPU
		{D60984DE-CAE5-449E-8A22-1545D170B8EA}.EasyTest|Mixed Platforms.Build.0 = Release|Any CPU
		{D60984DE-CAE5-449E-8A22-1545D170B8EA}.EasyTest|Win32.ActiveCfg = Release|Any CPU
		{D60984DE-CAE5-449E-8A22-1545D170B8EA}.EasyTest|Win32.Build.0 = Release|Any CPU
		{D60984DE-CAE5-449E-8A22-1545D170B8EA}.EasyTest|x64.ActiveCfg = Release|Any CPU
		{D60984DE-CAE5-449E-8A22-1545D170B8EA}.EasyTest|x64.Build.0 = Release|Any CPU
		{D60984DE-CAE5-449E-8A22-1545D170B8EA}.EasyTest|x86.ActiveCfg = Release|Any CPU
		{D60984DE-CAE5-449E-8A22-1545D170B8EA}.EasyTest|x86.Build.0 = Release|Any CPU
		{D60984DE-CAE5-449E-8A22-1545D170B8EA}.Release|Any CPU.ActiveCfg = Release|Any CPU
		{D60984DE-CAE5-449E-8A22-1545D170B8EA}.Release|Any CPU.Build.0 = Release|Any CPU
		{D60984DE-CAE5-449E-8A22-1545D170B8EA}.Release|Mixed Platforms.ActiveCfg = Release|Any CPU
		{D60984DE-CAE5-449E-8A22-1545D170B8EA}.Release|Mixed Platforms.Build.0 = Release|Any CPU
		{D60984DE-CAE5-449E-8A22-1545D170B8EA}.Release|Win32.ActiveCfg = Release|Any CPU
		{D60984DE-CAE5-449E-8A22-1545D170B8EA}.Release|Win32.Build.0 = Release|Any CPU
		{D60984DE-CAE5-449E-8A22-1545D170B8EA}.Release|x64.ActiveCfg = Release|Any CPU
		{D60984DE-CAE5-449E-8A22-1545D170B8EA}.Release|x64.Build.0 = Release|Any CPU
		{D60984DE-CAE5-449E-8A22-1545D170B8EA}.Release|x86.ActiveCfg = Release|Any CPU
		{D60984DE-CAE5-449E-8A22-1545D170B8EA}.Release|x86.Build.0 = Release|Any CPU
		{D60984DE-CAE5-449E-8A22-1545D170B8EA}.Release64|Any CPU.ActiveCfg = Release|Any CPU
		{D60984DE-CAE5-449E-8A22-1545D170B8EA}.Release64|Any CPU.Build.0 = Release|Any CPU
		{D60984DE-CAE5-449E-8A22-1545D170B8EA}.Release64|Mixed Platforms.ActiveCfg = Release|Any CPU
		{D60984DE-CAE5-449E-8A22-1545D170B8EA}.Release64|Mixed Platforms.Build.0 = Release|Any CPU
		{D60984DE-CAE5-449E-8A22-1545D170B8EA}.Release64|Win32.ActiveCfg = Release|Any CPU
		{D60984DE-CAE5-449E-8A22-1545D170B8EA}.Release64|Win32.Build.0 = Release|Any CPU
		{D60984DE-CAE5-449E-8A22-1545D170B8EA}.Release64|x64.ActiveCfg = Release|Any CPU
		{D60984DE-CAE5-449E-8A22-1545D170B8EA}.Release64|x64.Build.0 = Release|Any CPU
		{D60984DE-CAE5-449E-8A22-1545D170B8EA}.Release64|x86.ActiveCfg = Release|Any CPU
		{D60984DE-CAE5-449E-8A22-1545D170B8EA}.Release64|x86.Build.0 = Release|Any CPU
		{D60984DE-CAE5-449E-8A22-1545D170B8EA}.Release-mt|Any CPU.ActiveCfg = Release|Any CPU
		{D60984DE-CAE5-449E-8A22-1545D170B8EA}.Release-mt|Any CPU.Build.0 = Release|Any CPU
		{D60984DE-CAE5-449E-8A22-1545D170B8EA}.Release-mt|Mixed Platforms.ActiveCfg = Release|Any CPU
		{D60984DE-CAE5-449E-8A22-1545D170B8EA}.Release-mt|Mixed Platforms.Build.0 = Release|Any CPU
		{D60984DE-CAE5-449E-8A22-1545D170B8EA}.Release-mt|Win32.ActiveCfg = Release|Any CPU
		{D60984DE-CAE5-449E-8A22-1545D170B8EA}.Release-mt|Win32.Build.0 = Release|Any CPU
		{D60984DE-CAE5-449E-8A22-1545D170B8EA}.Release-mt|x64.ActiveCfg = Release|Any CPU
		{D60984DE-CAE5-449E-8A22-1545D170B8EA}.Release-mt|x64.Build.0 = Release|Any CPU
		{D60984DE-CAE5-449E-8A22-1545D170B8EA}.Release-mt|x86.ActiveCfg = Release|Any CPU
		{D60984DE-CAE5-449E-8A22-1545D170B8EA}.Release-mt|x86.Build.0 = Release|Any CPU
	EndGlobalSection
	GlobalSection(SolutionProperties) = preSolution
		HideSolutionNode = FALSE
	EndGlobalSection
	GlobalSection(ExtensibilityGlobals) = postSolution
		SolutionGuid = {27364BEC-D1F2-4F4D-9CA5-70F9C9F1FA67}
	EndGlobalSection
EndGlobal
