
Microsoft Visual Studio Solution File, Format Version 12.00
# Visual Studio 2013
VisualStudioVersion = 12.0.30501.0
MinimumVisualStudioVersion = 10.0.40219.1
Project("{FAE04EC0-301F-11D3-BF4B-00C04F79EFBC}") = "FXBusinessLogic", "FXBusinessLogic\FXBusinessLogic.csproj", "{64761A20-F2D4-4AC1-BE44-07AB7EACE6F6}"
EndProject
Project("{FAE04EC0-301F-11D3-BF4B-00C04F79EFBC}") = "WinClient", "WinClient\WinClient.csproj", "{ED94A0F4-6E09-4CC4-8BB9-7D60A32A8676}"
EndProject
Project("{FAE04EC0-301F-11D3-BF4B-00C04F79EFBC}") = "MainServer", "MainServer\MainServer.csproj", "{09082B9A-906C-4A17-A2E5-6C947DAC7C85}"
EndProject
Project("{FAE04EC0-301F-11D3-BF4B-00C04F79EFBC}") = "BusinessObjects", "BusinessObjects\BusinessObjects.csproj", "{B9151E6C-E756-43C2-A70F-C6FB46621809}"
EndProject
Project("{FAE04EC0-301F-11D3-BF4B-00C04F79EFBC}") = "ThriftMQL", "ThriftMQL\ThriftMQL.csproj", "{499EB63C-D74C-47E8-AE48-A2FC94538E9D}"
EndProject
Project("{FAE04EC0-301F-11D3-BF4B-00C04F79EFBC}") = "Quartz.2010", "..\Quartz223\src\Quartz\Quartz.2010.csproj", "{AEF8823B-E45B-4B35-A4D0-C08C1196D017}"
EndProject
Project("{8BC9CEB8-8B4A-11D0-8D11-00A0C91BC942}") = "fxmindmql", "fxmindmql\fxmindmql.vcxproj", "{909E5644-91DD-4D98-8364-FC794F85DCDD}"
EndProject
Project("{8BC9CEB8-8B4A-11D0-8D11-00A0C91BC942}") = "libthrift", "fxmindmql\libthrift.vcxproj", "{DD26F57E-60F2-4F37-A616-D219A9BF338F}"
EndProject
Project("{8BC9CEB8-8B4A-11D0-8D11-00A0C91BC942}") = "MQLCTest", "MQLCTest\MQLCTest.vcxproj", "{597E4359-97AF-43F3-8C84-99B15ED0795F}"
	ProjectSection(ProjectDependencies) = postProject
		{909E5644-91DD-4D98-8364-FC794F85DCDD} = {909E5644-91DD-4D98-8364-FC794F85DCDD}
	EndProjectSection
EndProject
Global
	GlobalSection(SolutionConfigurationPlatforms) = preSolution
		Debug|Any CPU = Debug|Any CPU
		Debug|Mixed Platforms = Debug|Mixed Platforms
		Debug|Win32 = Debug|Win32
		Debug|x64 = Debug|x64
		Debug|x86 = Debug|x86
		Debug-mt|Any CPU = Debug-mt|Any CPU
		Debug-mt|Mixed Platforms = Debug-mt|Mixed Platforms
		Debug-mt|Win32 = Debug-mt|Win32
		Debug-mt|x64 = Debug-mt|x64
		Debug-mt|x86 = Debug-mt|x86
		EasyTest|Any CPU = EasyTest|Any CPU
		EasyTest|Mixed Platforms = EasyTest|Mixed Platforms
		EasyTest|Win32 = EasyTest|Win32
		EasyTest|x64 = EasyTest|x64
		EasyTest|x86 = EasyTest|x86
		Release|Any CPU = Release|Any CPU
		Release|Mixed Platforms = Release|Mixed Platforms
		Release|Win32 = Release|Win32
		Release|x64 = Release|x64
		Release|x86 = Release|x86
		Release-mt|Any CPU = Release-mt|Any CPU
		Release-mt|Mixed Platforms = Release-mt|Mixed Platforms
		Release-mt|Win32 = Release-mt|Win32
		Release-mt|x64 = Release-mt|x64
		Release-mt|x86 = Release-mt|x86
	EndGlobalSection
	GlobalSection(ProjectConfigurationPlatforms) = postSolution
		{64761A20-F2D4-4AC1-BE44-07AB7EACE6F6}.Debug|Any CPU.ActiveCfg = Debug|Any CPU
		{64761A20-F2D4-4AC1-BE44-07AB7EACE6F6}.Debug|Any CPU.Build.0 = Debug|Any CPU
		{64761A20-F2D4-4AC1-BE44-07AB7EACE6F6}.Debug|Mixed Platforms.ActiveCfg = Debug|Any CPU
		{64761A20-F2D4-4AC1-BE44-07AB7EACE6F6}.Debug|Mixed Platforms.Build.0 = Debug|Any CPU
		{64761A20-F2D4-4AC1-BE44-07AB7EACE6F6}.Debug|Win32.ActiveCfg = Debug|Any CPU
		{64761A20-F2D4-4AC1-BE44-07AB7EACE6F6}.Debug|x64.ActiveCfg = Debug|Any CPU
		{64761A20-F2D4-4AC1-BE44-07AB7EACE6F6}.Debug|x86.ActiveCfg = Debug|Any CPU
		{64761A20-F2D4-4AC1-BE44-07AB7EACE6F6}.Debug-mt|Any CPU.ActiveCfg = Debug|Any CPU
		{64761A20-F2D4-4AC1-BE44-07AB7EACE6F6}.Debug-mt|Any CPU.Build.0 = Debug|Any CPU
		{64761A20-F2D4-4AC1-BE44-07AB7EACE6F6}.Debug-mt|Mixed Platforms.ActiveCfg = Debug|Any CPU
		{64761A20-F2D4-4AC1-BE44-07AB7EACE6F6}.Debug-mt|Mixed Platforms.Build.0 = Debug|Any CPU
		{64761A20-F2D4-4AC1-BE44-07AB7EACE6F6}.Debug-mt|Win32.ActiveCfg = Debug|Any CPU
		{64761A20-F2D4-4AC1-BE44-07AB7EACE6F6}.Debug-mt|x64.ActiveCfg = Debug|Any CPU
		{64761A20-F2D4-4AC1-BE44-07AB7EACE6F6}.Debug-mt|x86.ActiveCfg = Debug|Any CPU
		{64761A20-F2D4-4AC1-BE44-07AB7EACE6F6}.EasyTest|Any CPU.ActiveCfg = Release|Any CPU
		{64761A20-F2D4-4AC1-BE44-07AB7EACE6F6}.EasyTest|Any CPU.Build.0 = Release|Any CPU
		{64761A20-F2D4-4AC1-BE44-07AB7EACE6F6}.EasyTest|Mixed Platforms.ActiveCfg = Release|Any CPU
		{64761A20-F2D4-4AC1-BE44-07AB7EACE6F6}.EasyTest|Mixed Platforms.Build.0 = Release|Any CPU
		{64761A20-F2D4-4AC1-BE44-07AB7EACE6F6}.EasyTest|Win32.ActiveCfg = Release|Any CPU
		{64761A20-F2D4-4AC1-BE44-07AB7EACE6F6}.EasyTest|x64.ActiveCfg = Release|Any CPU
		{64761A20-F2D4-4AC1-BE44-07AB7EACE6F6}.EasyTest|x86.ActiveCfg = Release|Any CPU
		{64761A20-F2D4-4AC1-BE44-07AB7EACE6F6}.Release|Any CPU.ActiveCfg = Release|Any CPU
		{64761A20-F2D4-4AC1-BE44-07AB7EACE6F6}.Release|Any CPU.Build.0 = Release|Any CPU
		{64761A20-F2D4-4AC1-BE44-07AB7EACE6F6}.Release|Mixed Platforms.ActiveCfg = Release|Any CPU
		{64761A20-F2D4-4AC1-BE44-07AB7EACE6F6}.Release|Mixed Platforms.Build.0 = Release|Any CPU
		{64761A20-F2D4-4AC1-BE44-07AB7EACE6F6}.Release|Win32.ActiveCfg = Release|Any CPU
		{64761A20-F2D4-4AC1-BE44-07AB7EACE6F6}.Release|x64.ActiveCfg = Release|Any CPU
		{64761A20-F2D4-4AC1-BE44-07AB7EACE6F6}.Release|x86.ActiveCfg = Release|Any CPU
		{64761A20-F2D4-4AC1-BE44-07AB7EACE6F6}.Release-mt|Any CPU.ActiveCfg = Release|Any CPU
		{64761A20-F2D4-4AC1-BE44-07AB7EACE6F6}.Release-mt|Any CPU.Build.0 = Release|Any CPU
		{64761A20-F2D4-4AC1-BE44-07AB7EACE6F6}.Release-mt|Mixed Platforms.ActiveCfg = Release|Any CPU
		{64761A20-F2D4-4AC1-BE44-07AB7EACE6F6}.Release-mt|Mixed Platforms.Build.0 = Release|Any CPU
		{64761A20-F2D4-4AC1-BE44-07AB7EACE6F6}.Release-mt|Win32.ActiveCfg = Release|Any CPU
		{64761A20-F2D4-4AC1-BE44-07AB7EACE6F6}.Release-mt|x64.ActiveCfg = Release|Any CPU
		{64761A20-F2D4-4AC1-BE44-07AB7EACE6F6}.Release-mt|x86.ActiveCfg = Release|Any CPU
		{ED94A0F4-6E09-4CC4-8BB9-7D60A32A8676}.Debug|Any CPU.ActiveCfg = Debug|Any CPU
		{ED94A0F4-6E09-4CC4-8BB9-7D60A32A8676}.Debug|Any CPU.Build.0 = Debug|Any CPU
		{ED94A0F4-6E09-4CC4-8BB9-7D60A32A8676}.Debug|Mixed Platforms.ActiveCfg = Debug|Any CPU
		{ED94A0F4-6E09-4CC4-8BB9-7D60A32A8676}.Debug|Mixed Platforms.Build.0 = Debug|Any CPU
		{ED94A0F4-6E09-4CC4-8BB9-7D60A32A8676}.Debug|Win32.ActiveCfg = Debug|Any CPU
		{ED94A0F4-6E09-4CC4-8BB9-7D60A32A8676}.Debug|x64.ActiveCfg = Debug|Any CPU
		{ED94A0F4-6E09-4CC4-8BB9-7D60A32A8676}.Debug|x86.ActiveCfg = Debug|Any CPU
		{ED94A0F4-6E09-4CC4-8BB9-7D60A32A8676}.Debug-mt|Any CPU.ActiveCfg = Debug|Any CPU
		{ED94A0F4-6E09-4CC4-8BB9-7D60A32A8676}.Debug-mt|Any CPU.Build.0 = Debug|Any CPU
		{ED94A0F4-6E09-4CC4-8BB9-7D60A32A8676}.Debug-mt|Mixed Platforms.ActiveCfg = Debug|Any CPU
		{ED94A0F4-6E09-4CC4-8BB9-7D60A32A8676}.Debug-mt|Mixed Platforms.Build.0 = Debug|Any CPU
		{ED94A0F4-6E09-4CC4-8BB9-7D60A32A8676}.Debug-mt|Win32.ActiveCfg = Debug|Any CPU
		{ED94A0F4-6E09-4CC4-8BB9-7D60A32A8676}.Debug-mt|x64.ActiveCfg = Debug|Any CPU
		{ED94A0F4-6E09-4CC4-8BB9-7D60A32A8676}.Debug-mt|x86.ActiveCfg = Debug|Any CPU
		{ED94A0F4-6E09-4CC4-8BB9-7D60A32A8676}.EasyTest|Any CPU.ActiveCfg = Release|Any CPU
		{ED94A0F4-6E09-4CC4-8BB9-7D60A32A8676}.EasyTest|Any CPU.Build.0 = Release|Any CPU
		{ED94A0F4-6E09-4CC4-8BB9-7D60A32A8676}.EasyTest|Mixed Platforms.ActiveCfg = Release|Any CPU
		{ED94A0F4-6E09-4CC4-8BB9-7D60A32A8676}.EasyTest|Mixed Platforms.Build.0 = Release|Any CPU
		{ED94A0F4-6E09-4CC4-8BB9-7D60A32A8676}.EasyTest|Win32.ActiveCfg = Release|Any CPU
		{ED94A0F4-6E09-4CC4-8BB9-7D60A32A8676}.EasyTest|x64.ActiveCfg = Release|Any CPU
		{ED94A0F4-6E09-4CC4-8BB9-7D60A32A8676}.EasyTest|x86.ActiveCfg = Release|Any CPU
		{ED94A0F4-6E09-4CC4-8BB9-7D60A32A8676}.Release|Any CPU.ActiveCfg = Release|Any CPU
		{ED94A0F4-6E09-4CC4-8BB9-7D60A32A8676}.Release|Any CPU.Build.0 = Release|Any CPU
		{ED94A0F4-6E09-4CC4-8BB9-7D60A32A8676}.Release|Mixed Platforms.ActiveCfg = Release|Any CPU
		{ED94A0F4-6E09-4CC4-8BB9-7D60A32A8676}.Release|Mixed Platforms.Build.0 = Release|Any CPU
		{ED94A0F4-6E09-4CC4-8BB9-7D60A32A8676}.Release|Win32.ActiveCfg = Release|Any CPU
		{ED94A0F4-6E09-4CC4-8BB9-7D60A32A8676}.Release|x64.ActiveCfg = Release|Any CPU
		{ED94A0F4-6E09-4CC4-8BB9-7D60A32A8676}.Release|x86.ActiveCfg = Release|Any CPU
		{ED94A0F4-6E09-4CC4-8BB9-7D60A32A8676}.Release-mt|Any CPU.ActiveCfg = Release|Any CPU
		{ED94A0F4-6E09-4CC4-8BB9-7D60A32A8676}.Release-mt|Any CPU.Build.0 = Release|Any CPU
		{ED94A0F4-6E09-4CC4-8BB9-7D60A32A8676}.Release-mt|Mixed Platforms.ActiveCfg = Release|Any CPU
		{ED94A0F4-6E09-4CC4-8BB9-7D60A32A8676}.Release-mt|Mixed Platforms.Build.0 = Release|Any CPU
		{ED94A0F4-6E09-4CC4-8BB9-7D60A32A8676}.Release-mt|Win32.ActiveCfg = Release|Any CPU
		{ED94A0F4-6E09-4CC4-8BB9-7D60A32A8676}.Release-mt|x64.ActiveCfg = Release|Any CPU
		{ED94A0F4-6E09-4CC4-8BB9-7D60A32A8676}.Release-mt|x86.ActiveCfg = Release|Any CPU
		{09082B9A-906C-4A17-A2E5-6C947DAC7C85}.Debug|Any CPU.ActiveCfg = Debug|Any CPU
		{09082B9A-906C-4A17-A2E5-6C947DAC7C85}.Debug|Any CPU.Build.0 = Debug|Any CPU
		{09082B9A-906C-4A17-A2E5-6C947DAC7C85}.Debug|Mixed Platforms.ActiveCfg = Debug|Any CPU
		{09082B9A-906C-4A17-A2E5-6C947DAC7C85}.Debug|Mixed Platforms.Build.0 = Debug|Any CPU
		{09082B9A-906C-4A17-A2E5-6C947DAC7C85}.Debug|Win32.ActiveCfg = Debug|Any CPU
		{09082B9A-906C-4A17-A2E5-6C947DAC7C85}.Debug|x64.ActiveCfg = Debug|Any CPU
		{09082B9A-906C-4A17-A2E5-6C947DAC7C85}.Debug|x86.ActiveCfg = Debug|Any CPU
		{09082B9A-906C-4A17-A2E5-6C947DAC7C85}.Debug-mt|Any CPU.ActiveCfg = Debug|Any CPU
		{09082B9A-906C-4A17-A2E5-6C947DAC7C85}.Debug-mt|Any CPU.Build.0 = Debug|Any CPU
		{09082B9A-906C-4A17-A2E5-6C947DAC7C85}.Debug-mt|Mixed Platforms.ActiveCfg = Debug|Any CPU
		{09082B9A-906C-4A17-A2E5-6C947DAC7C85}.Debug-mt|Mixed Platforms.Build.0 = Debug|Any CPU
		{09082B9A-906C-4A17-A2E5-6C947DAC7C85}.Debug-mt|Win32.ActiveCfg = Debug|Any CPU
		{09082B9A-906C-4A17-A2E5-6C947DAC7C85}.Debug-mt|x64.ActiveCfg = Debug|Any CPU
		{09082B9A-906C-4A17-A2E5-6C947DAC7C85}.Debug-mt|x86.ActiveCfg = Debug|Any CPU
		{09082B9A-906C-4A17-A2E5-6C947DAC7C85}.EasyTest|Any CPU.ActiveCfg = Release|Any CPU
		{09082B9A-906C-4A17-A2E5-6C947DAC7C85}.EasyTest|Any CPU.Build.0 = Release|Any CPU
		{09082B9A-906C-4A17-A2E5-6C947DAC7C85}.EasyTest|Mixed Platforms.ActiveCfg = Release|Any CPU
		{09082B9A-906C-4A17-A2E5-6C947DAC7C85}.EasyTest|Mixed Platforms.Build.0 = Release|Any CPU
		{09082B9A-906C-4A17-A2E5-6C947DAC7C85}.EasyTest|Win32.ActiveCfg = Release|Any CPU
		{09082B9A-906C-4A17-A2E5-6C947DAC7C85}.EasyTest|x64.ActiveCfg = Release|Any CPU
		{09082B9A-906C-4A17-A2E5-6C947DAC7C85}.EasyTest|x86.ActiveCfg = Release|Any CPU
		{09082B9A-906C-4A17-A2E5-6C947DAC7C85}.Release|Any CPU.ActiveCfg = Release|Any CPU
		{09082B9A-906C-4A17-A2E5-6C947DAC7C85}.Release|Any CPU.Build.0 = Release|Any CPU
		{09082B9A-906C-4A17-A2E5-6C947DAC7C85}.Release|Mixed Platforms.ActiveCfg = Release|Any CPU
		{09082B9A-906C-4A17-A2E5-6C947DAC7C85}.Release|Mixed Platforms.Build.0 = Release|Any CPU
		{09082B9A-906C-4A17-A2E5-6C947DAC7C85}.Release|Win32.ActiveCfg = Release|Any CPU
		{09082B9A-906C-4A17-A2E5-6C947DAC7C85}.Release|x64.ActiveCfg = Release|Any CPU
		{09082B9A-906C-4A17-A2E5-6C947DAC7C85}.Release|x86.ActiveCfg = Release|Any CPU
		{09082B9A-906C-4A17-A2E5-6C947DAC7C85}.Release-mt|Any CPU.ActiveCfg = Release|Any CPU
		{09082B9A-906C-4A17-A2E5-6C947DAC7C85}.Release-mt|Any CPU.Build.0 = Release|Any CPU
		{09082B9A-906C-4A17-A2E5-6C947DAC7C85}.Release-mt|Mixed Platforms.ActiveCfg = Release|Any CPU
		{09082B9A-906C-4A17-A2E5-6C947DAC7C85}.Release-mt|Mixed Platforms.Build.0 = Release|Any CPU
		{09082B9A-906C-4A17-A2E5-6C947DAC7C85}.Release-mt|Win32.ActiveCfg = Release|Any CPU
		{09082B9A-906C-4A17-A2E5-6C947DAC7C85}.Release-mt|x64.ActiveCfg = Release|Any CPU
		{09082B9A-906C-4A17-A2E5-6C947DAC7C85}.Release-mt|x86.ActiveCfg = Release|Any CPU
		{B9151E6C-E756-43C2-A70F-C6FB46621809}.Debug|Any CPU.ActiveCfg = Debug|Any CPU
		{B9151E6C-E756-43C2-A70F-C6FB46621809}.Debug|Any CPU.Build.0 = Debug|Any CPU
		{B9151E6C-E756-43C2-A70F-C6FB46621809}.Debug|Mixed Platforms.ActiveCfg = Debug|Any CPU
		{B9151E6C-E756-43C2-A70F-C6FB46621809}.Debug|Mixed Platforms.Build.0 = Debug|Any CPU
		{B9151E6C-E756-43C2-A70F-C6FB46621809}.Debug|Win32.ActiveCfg = Debug|Any CPU
		{B9151E6C-E756-43C2-A70F-C6FB46621809}.Debug|x64.ActiveCfg = Debug|Any CPU
		{B9151E6C-E756-43C2-A70F-C6FB46621809}.Debug|x86.ActiveCfg = Debug|Any CPU
		{B9151E6C-E756-43C2-A70F-C6FB46621809}.Debug-mt|Any CPU.ActiveCfg = Debug|Any CPU
		{B9151E6C-E756-43C2-A70F-C6FB46621809}.Debug-mt|Any CPU.Build.0 = Debug|Any CPU
		{B9151E6C-E756-43C2-A70F-C6FB46621809}.Debug-mt|Mixed Platforms.ActiveCfg = Debug|Any CPU
		{B9151E6C-E756-43C2-A70F-C6FB46621809}.Debug-mt|Mixed Platforms.Build.0 = Debug|Any CPU
		{B9151E6C-E756-43C2-A70F-C6FB46621809}.Debug-mt|Win32.ActiveCfg = Debug|Any CPU
		{B9151E6C-E756-43C2-A70F-C6FB46621809}.Debug-mt|x64.ActiveCfg = Debug|Any CPU
		{B9151E6C-E756-43C2-A70F-C6FB46621809}.Debug-mt|x86.ActiveCfg = Debug|Any CPU
		{B9151E6C-E756-43C2-A70F-C6FB46621809}.EasyTest|Any CPU.ActiveCfg = Release|Any CPU
		{B9151E6C-E756-43C2-A70F-C6FB46621809}.EasyTest|Any CPU.Build.0 = Release|Any CPU
		{B9151E6C-E756-43C2-A70F-C6FB46621809}.EasyTest|Mixed Platforms.ActiveCfg = Release|Any CPU
		{B9151E6C-E756-43C2-A70F-C6FB46621809}.EasyTest|Mixed Platforms.Build.0 = Release|Any CPU
		{B9151E6C-E756-43C2-A70F-C6FB46621809}.EasyTest|Win32.ActiveCfg = Release|Any CPU
		{B9151E6C-E756-43C2-A70F-C6FB46621809}.EasyTest|x64.ActiveCfg = Release|Any CPU
		{B9151E6C-E756-43C2-A70F-C6FB46621809}.EasyTest|x86.ActiveCfg = Release|Any CPU
		{B9151E6C-E756-43C2-A70F-C6FB46621809}.Release|Any CPU.ActiveCfg = Release|Any CPU
		{B9151E6C-E756-43C2-A70F-C6FB46621809}.Release|Any CPU.Build.0 = Release|Any CPU
		{B9151E6C-E756-43C2-A70F-C6FB46621809}.Release|Mixed Platforms.ActiveCfg = Release|Any CPU
		{B9151E6C-E756-43C2-A70F-C6FB46621809}.Release|Mixed Platforms.Build.0 = Release|Any CPU
		{B9151E6C-E756-43C2-A70F-C6FB46621809}.Release|Win32.ActiveCfg = Release|Any CPU
		{B9151E6C-E756-43C2-A70F-C6FB46621809}.Release|x64.ActiveCfg = Release|Any CPU
		{B9151E6C-E756-43C2-A70F-C6FB46621809}.Release|x86.ActiveCfg = Release|Any CPU
		{B9151E6C-E756-43C2-A70F-C6FB46621809}.Release-mt|Any CPU.ActiveCfg = Release|Any CPU
		{B9151E6C-E756-43C2-A70F-C6FB46621809}.Release-mt|Any CPU.Build.0 = Release|Any CPU
		{B9151E6C-E756-43C2-A70F-C6FB46621809}.Release-mt|Mixed Platforms.ActiveCfg = Release|Any CPU
		{B9151E6C-E756-43C2-A70F-C6FB46621809}.Release-mt|Mixed Platforms.Build.0 = Release|Any CPU
		{B9151E6C-E756-43C2-A70F-C6FB46621809}.Release-mt|Win32.ActiveCfg = Release|Any CPU
		{B9151E6C-E756-43C2-A70F-C6FB46621809}.Release-mt|x64.ActiveCfg = Release|Any CPU
		{B9151E6C-E756-43C2-A70F-C6FB46621809}.Release-mt|x86.ActiveCfg = Release|Any CPU
		{499EB63C-D74C-47E8-AE48-A2FC94538E9D}.Debug|Any CPU.ActiveCfg = Debug|Any CPU
		{499EB63C-D74C-47E8-AE48-A2FC94538E9D}.Debug|Any CPU.Build.0 = Debug|Any CPU
		{499EB63C-D74C-47E8-AE48-A2FC94538E9D}.Debug|Mixed Platforms.ActiveCfg = Release|Any CPU
		{499EB63C-D74C-47E8-AE48-A2FC94538E9D}.Debug|Mixed Platforms.Build.0 = Release|Any CPU
		{499EB63C-D74C-47E8-AE48-A2FC94538E9D}.Debug|Win32.ActiveCfg = Debug|Any CPU
		{499EB63C-D74C-47E8-AE48-A2FC94538E9D}.Debug|x64.ActiveCfg = Debug|Any CPU
		{499EB63C-D74C-47E8-AE48-A2FC94538E9D}.Debug|x86.ActiveCfg = Debug|Any CPU
		{499EB63C-D74C-47E8-AE48-A2FC94538E9D}.Debug-mt|Any CPU.ActiveCfg = Debug|Any CPU
		{499EB63C-D74C-47E8-AE48-A2FC94538E9D}.Debug-mt|Any CPU.Build.0 = Debug|Any CPU
		{499EB63C-D74C-47E8-AE48-A2FC94538E9D}.Debug-mt|Mixed Platforms.ActiveCfg = Debug|Any CPU
		{499EB63C-D74C-47E8-AE48-A2FC94538E9D}.Debug-mt|Mixed Platforms.Build.0 = Debug|Any CPU
		{499EB63C-D74C-47E8-AE48-A2FC94538E9D}.Debug-mt|Win32.ActiveCfg = Debug|Any CPU
		{499EB63C-D74C-47E8-AE48-A2FC94538E9D}.Debug-mt|x64.ActiveCfg = Debug|Any CPU
		{499EB63C-D74C-47E8-AE48-A2FC94538E9D}.Debug-mt|x86.ActiveCfg = Debug|Any CPU
		{499EB63C-D74C-47E8-AE48-A2FC94538E9D}.EasyTest|Any CPU.ActiveCfg = Release|Any CPU
		{499EB63C-D74C-47E8-AE48-A2FC94538E9D}.EasyTest|Any CPU.Build.0 = Release|Any CPU
		{499EB63C-D74C-47E8-AE48-A2FC94538E9D}.EasyTest|Mixed Platforms.ActiveCfg = Release|Any CPU
		{499EB63C-D74C-47E8-AE48-A2FC94538E9D}.EasyTest|Mixed Platforms.Build.0 = Release|Any CPU
		{499EB63C-D74C-47E8-AE48-A2FC94538E9D}.EasyTest|Win32.ActiveCfg = Release|Any CPU
		{499EB63C-D74C-47E8-AE48-A2FC94538E9D}.EasyTest|x64.ActiveCfg = Release|Any CPU
		{499EB63C-D74C-47E8-AE48-A2FC94538E9D}.EasyTest|x86.ActiveCfg = Release|Any CPU
		{499EB63C-D74C-47E8-AE48-A2FC94538E9D}.Release|Any CPU.ActiveCfg = Release|Any CPU
		{499EB63C-D74C-47E8-AE48-A2FC94538E9D}.Release|Any CPU.Build.0 = Release|Any CPU
		{499EB63C-D74C-47E8-AE48-A2FC94538E9D}.Release|Mixed Platforms.ActiveCfg = Release|Any CPU
		{499EB63C-D74C-47E8-AE48-A2FC94538E9D}.Release|Mixed Platforms.Build.0 = Release|Any CPU
		{499EB63C-D74C-47E8-AE48-A2FC94538E9D}.Release|Win32.ActiveCfg = Release|Any CPU
		{499EB63C-D74C-47E8-AE48-A2FC94538E9D}.Release|x64.ActiveCfg = Release|Any CPU
		{499EB63C-D74C-47E8-AE48-A2FC94538E9D}.Release|x86.ActiveCfg = Release|Any CPU
		{499EB63C-D74C-47E8-AE48-A2FC94538E9D}.Release-mt|Any CPU.ActiveCfg = Release|Any CPU
		{499EB63C-D74C-47E8-AE48-A2FC94538E9D}.Release-mt|Any CPU.Build.0 = Release|Any CPU
		{499EB63C-D74C-47E8-AE48-A2FC94538E9D}.Release-mt|Mixed Platforms.ActiveCfg = Release|Any CPU
		{499EB63C-D74C-47E8-AE48-A2FC94538E9D}.Release-mt|Mixed Platforms.Build.0 = Release|Any CPU
		{499EB63C-D74C-47E8-AE48-A2FC94538E9D}.Release-mt|Win32.ActiveCfg = Release|Any CPU
		{499EB63C-D74C-47E8-AE48-A2FC94538E9D}.Release-mt|x64.ActiveCfg = Release|Any CPU
		{499EB63C-D74C-47E8-AE48-A2FC94538E9D}.Release-mt|x86.ActiveCfg = Release|Any CPU
		{AEF8823B-E45B-4B35-A4D0-C08C1196D017}.Debug|Any CPU.ActiveCfg = Debug|Any CPU
		{AEF8823B-E45B-4B35-A4D0-C08C1196D017}.Debug|Any CPU.Build.0 = Debug|Any CPU
		{AEF8823B-E45B-4B35-A4D0-C08C1196D017}.Debug|Mixed Platforms.ActiveCfg = Debug|Any CPU
		{AEF8823B-E45B-4B35-A4D0-C08C1196D017}.Debug|Mixed Platforms.Build.0 = Debug|Any CPU
		{AEF8823B-E45B-4B35-A4D0-C08C1196D017}.Debug|Win32.ActiveCfg = Debug|Any CPU
		{AEF8823B-E45B-4B35-A4D0-C08C1196D017}.Debug|x64.ActiveCfg = Debug|Any CPU
		{AEF8823B-E45B-4B35-A4D0-C08C1196D017}.Debug|x86.ActiveCfg = Debug|Any CPU
		{AEF8823B-E45B-4B35-A4D0-C08C1196D017}.Debug-mt|Any CPU.ActiveCfg = Debug|Any CPU
		{AEF8823B-E45B-4B35-A4D0-C08C1196D017}.Debug-mt|Any CPU.Build.0 = Debug|Any CPU
		{AEF8823B-E45B-4B35-A4D0-C08C1196D017}.Debug-mt|Mixed Platforms.ActiveCfg = Debug|Any CPU
		{AEF8823B-E45B-4B35-A4D0-C08C1196D017}.Debug-mt|Mixed Platforms.Build.0 = Debug|Any CPU
		{AEF8823B-E45B-4B35-A4D0-C08C1196D017}.Debug-mt|Win32.ActiveCfg = Debug|Any CPU
		{AEF8823B-E45B-4B35-A4D0-C08C1196D017}.Debug-mt|x64.ActiveCfg = Debug|Any CPU
		{AEF8823B-E45B-4B35-A4D0-C08C1196D017}.Debug-mt|x86.ActiveCfg = Debug|Any CPU
		{AEF8823B-E45B-4B35-A4D0-C08C1196D017}.EasyTest|Any CPU.ActiveCfg = Release|Any CPU
		{AEF8823B-E45B-4B35-A4D0-C08C1196D017}.EasyTest|Any CPU.Build.0 = Release|Any CPU
		{AEF8823B-E45B-4B35-A4D0-C08C1196D017}.EasyTest|Mixed Platforms.ActiveCfg = Release|Any CPU
		{AEF8823B-E45B-4B35-A4D0-C08C1196D017}.EasyTest|Mixed Platforms.Build.0 = Release|Any CPU
		{AEF8823B-E45B-4B35-A4D0-C08C1196D017}.EasyTest|Win32.ActiveCfg = Release|Any CPU
		{AEF8823B-E45B-4B35-A4D0-C08C1196D017}.EasyTest|x64.ActiveCfg = Release|Any CPU
		{AEF8823B-E45B-4B35-A4D0-C08C1196D017}.EasyTest|x86.ActiveCfg = Release|Any CPU
		{AEF8823B-E45B-4B35-A4D0-C08C1196D017}.Release|Any CPU.ActiveCfg = Release|Any CPU
		{AEF8823B-E45B-4B35-A4D0-C08C1196D017}.Release|Any CPU.Build.0 = Release|Any CPU
		{AEF8823B-E45B-4B35-A4D0-C08C1196D017}.Release|Mixed Platforms.ActiveCfg = Release|Any CPU
		{AEF8823B-E45B-4B35-A4D0-C08C1196D017}.Release|Mixed Platforms.Build.0 = Release|Any CPU
		{AEF8823B-E45B-4B35-A4D0-C08C1196D017}.Release|Win32.ActiveCfg = Release|Any CPU
		{AEF8823B-E45B-4B35-A4D0-C08C1196D017}.Release|x64.ActiveCfg = Release|Any CPU
		{AEF8823B-E45B-4B35-A4D0-C08C1196D017}.Release|x86.ActiveCfg = Release|Any CPU
		{AEF8823B-E45B-4B35-A4D0-C08C1196D017}.Release-mt|Any CPU.ActiveCfg = Release|Any CPU
		{AEF8823B-E45B-4B35-A4D0-C08C1196D017}.Release-mt|Any CPU.Build.0 = Release|Any CPU
		{AEF8823B-E45B-4B35-A4D0-C08C1196D017}.Release-mt|Mixed Platforms.ActiveCfg = Release|Any CPU
		{AEF8823B-E45B-4B35-A4D0-C08C1196D017}.Release-mt|Mixed Platforms.Build.0 = Release|Any CPU
		{AEF8823B-E45B-4B35-A4D0-C08C1196D017}.Release-mt|Win32.ActiveCfg = Release|Any CPU
		{AEF8823B-E45B-4B35-A4D0-C08C1196D017}.Release-mt|x64.ActiveCfg = Release|Any CPU
		{AEF8823B-E45B-4B35-A4D0-C08C1196D017}.Release-mt|x86.ActiveCfg = Release|Any CPU
		{909E5644-91DD-4D98-8364-FC794F85DCDD}.Debug|Any CPU.ActiveCfg = Debug|Win32
		{909E5644-91DD-4D98-8364-FC794F85DCDD}.Debug|Mixed Platforms.ActiveCfg = Debug|Win32
		{909E5644-91DD-4D98-8364-FC794F85DCDD}.Debug|Mixed Platforms.Build.0 = Debug|Win32
		{909E5644-91DD-4D98-8364-FC794F85DCDD}.Debug|Win32.ActiveCfg = Debug|Win32
		{909E5644-91DD-4D98-8364-FC794F85DCDD}.Debug|Win32.Build.0 = Debug|Win32
		{909E5644-91DD-4D98-8364-FC794F85DCDD}.Debug|x64.ActiveCfg = Debug|Win32
		{909E5644-91DD-4D98-8364-FC794F85DCDD}.Debug|x86.ActiveCfg = Debug|Win32
		{909E5644-91DD-4D98-8364-FC794F85DCDD}.Debug|x86.Build.0 = Debug|Win32
		{909E5644-91DD-4D98-8364-FC794F85DCDD}.Debug-mt|Any CPU.ActiveCfg = Debug|Win32
		{909E5644-91DD-4D98-8364-FC794F85DCDD}.Debug-mt|Mixed Platforms.ActiveCfg = Debug|Win32
		{909E5644-91DD-4D98-8364-FC794F85DCDD}.Debug-mt|Mixed Platforms.Build.0 = Debug|Win32
		{909E5644-91DD-4D98-8364-FC794F85DCDD}.Debug-mt|Win32.ActiveCfg = Debug|Win32
		{909E5644-91DD-4D98-8364-FC794F85DCDD}.Debug-mt|Win32.Build.0 = Debug|Win32
		{909E5644-91DD-4D98-8364-FC794F85DCDD}.Debug-mt|x64.ActiveCfg = Debug|Win32
		{909E5644-91DD-4D98-8364-FC794F85DCDD}.Debug-mt|x86.ActiveCfg = Debug|Win32
		{909E5644-91DD-4D98-8364-FC794F85DCDD}.Debug-mt|x86.Build.0 = Debug|Win32
		{909E5644-91DD-4D98-8364-FC794F85DCDD}.EasyTest|Any CPU.ActiveCfg = Release|Win32
		{909E5644-91DD-4D98-8364-FC794F85DCDD}.EasyTest|Mixed Platforms.ActiveCfg = Release|Win32
		{909E5644-91DD-4D98-8364-FC794F85DCDD}.EasyTest|Mixed Platforms.Build.0 = Release|Win32
		{909E5644-91DD-4D98-8364-FC794F85DCDD}.EasyTest|Win32.ActiveCfg = Release|Win32
		{909E5644-91DD-4D98-8364-FC794F85DCDD}.EasyTest|Win32.Build.0 = Release|Win32
		{909E5644-91DD-4D98-8364-FC794F85DCDD}.EasyTest|x64.ActiveCfg = Release|Win32
		{909E5644-91DD-4D98-8364-FC794F85DCDD}.EasyTest|x86.ActiveCfg = Release|Win32
		{909E5644-91DD-4D98-8364-FC794F85DCDD}.EasyTest|x86.Build.0 = Release|Win32
		{909E5644-91DD-4D98-8364-FC794F85DCDD}.Release|Any CPU.ActiveCfg = Release|Win32
		{909E5644-91DD-4D98-8364-FC794F85DCDD}.Release|Mixed Platforms.ActiveCfg = Release|Win32
		{909E5644-91DD-4D98-8364-FC794F85DCDD}.Release|Mixed Platforms.Build.0 = Release|Win32
		{909E5644-91DD-4D98-8364-FC794F85DCDD}.Release|Win32.ActiveCfg = Release|Win32
		{909E5644-91DD-4D98-8364-FC794F85DCDD}.Release|Win32.Build.0 = Release|Win32
		{909E5644-91DD-4D98-8364-FC794F85DCDD}.Release|x64.ActiveCfg = Release|Win32
		{909E5644-91DD-4D98-8364-FC794F85DCDD}.Release|x86.ActiveCfg = Release|Win32
		{909E5644-91DD-4D98-8364-FC794F85DCDD}.Release|x86.Build.0 = Release|Win32
		{909E5644-91DD-4D98-8364-FC794F85DCDD}.Release-mt|Any CPU.ActiveCfg = Release|Win32
		{909E5644-91DD-4D98-8364-FC794F85DCDD}.Release-mt|Mixed Platforms.ActiveCfg = Release|Win32
		{909E5644-91DD-4D98-8364-FC794F85DCDD}.Release-mt|Mixed Platforms.Build.0 = Release|Win32
		{909E5644-91DD-4D98-8364-FC794F85DCDD}.Release-mt|Win32.ActiveCfg = Release|Win32
		{909E5644-91DD-4D98-8364-FC794F85DCDD}.Release-mt|Win32.Build.0 = Release|Win32
		{909E5644-91DD-4D98-8364-FC794F85DCDD}.Release-mt|x64.ActiveCfg = Release|Win32
		{909E5644-91DD-4D98-8364-FC794F85DCDD}.Release-mt|x86.ActiveCfg = Release|Win32
		{909E5644-91DD-4D98-8364-FC794F85DCDD}.Release-mt|x86.Build.0 = Release|Win32
		{DD26F57E-60F2-4F37-A616-D219A9BF338F}.Debug|Any CPU.ActiveCfg = Debug|Win32
		{DD26F57E-60F2-4F37-A616-D219A9BF338F}.Debug|Mixed Platforms.ActiveCfg = Debug|Win32
		{DD26F57E-60F2-4F37-A616-D219A9BF338F}.Debug|Mixed Platforms.Build.0 = Debug|Win32
		{DD26F57E-60F2-4F37-A616-D219A9BF338F}.Debug|Win32.ActiveCfg = Debug|Win32
		{DD26F57E-60F2-4F37-A616-D219A9BF338F}.Debug|Win32.Build.0 = Debug|Win32
		{DD26F57E-60F2-4F37-A616-D219A9BF338F}.Debug|x64.ActiveCfg = Debug|x64
		{DD26F57E-60F2-4F37-A616-D219A9BF338F}.Debug|x64.Build.0 = Debug|x64
		{DD26F57E-60F2-4F37-A616-D219A9BF338F}.Debug|x86.ActiveCfg = Debug|Win32
		{DD26F57E-60F2-4F37-A616-D219A9BF338F}.Debug|x86.Build.0 = Debug|Win32
		{DD26F57E-60F2-4F37-A616-D219A9BF338F}.Debug-mt|Any CPU.ActiveCfg = Debug-mt|Win32
		{DD26F57E-60F2-4F37-A616-D219A9BF338F}.Debug-mt|Mixed Platforms.ActiveCfg = Debug-mt|Win32
		{DD26F57E-60F2-4F37-A616-D219A9BF338F}.Debug-mt|Mixed Platforms.Build.0 = Debug-mt|Win32
		{DD26F57E-60F2-4F37-A616-D219A9BF338F}.Debug-mt|Win32.ActiveCfg = Debug-mt|Win32
		{DD26F57E-60F2-4F37-A616-D219A9BF338F}.Debug-mt|Win32.Build.0 = Debug-mt|Win32
		{DD26F57E-60F2-4F37-A616-D219A9BF338F}.Debug-mt|x64.ActiveCfg = Debug-mt|x64
		{DD26F57E-60F2-4F37-A616-D219A9BF338F}.Debug-mt|x64.Build.0 = Debug-mt|x64
		{DD26F57E-60F2-4F37-A616-D219A9BF338F}.Debug-mt|x86.ActiveCfg = Debug-mt|Win32
		{DD26F57E-60F2-4F37-A616-D219A9BF338F}.Debug-mt|x86.Build.0 = Debug-mt|Win32
		{DD26F57E-60F2-4F37-A616-D219A9BF338F}.EasyTest|Any CPU.ActiveCfg = Debug-mt|Win32
		{DD26F57E-60F2-4F37-A616-D219A9BF338F}.EasyTest|Mixed Platforms.ActiveCfg = Debug-mt|Win32
		{DD26F57E-60F2-4F37-A616-D219A9BF338F}.EasyTest|Mixed Platforms.Build.0 = Debug-mt|Win32
		{DD26F57E-60F2-4F37-A616-D219A9BF338F}.EasyTest|Win32.ActiveCfg = Debug-mt|Win32
		{DD26F57E-60F2-4F37-A616-D219A9BF338F}.EasyTest|Win32.Build.0 = Debug-mt|Win32
		{DD26F57E-60F2-4F37-A616-D219A9BF338F}.EasyTest|x64.ActiveCfg = Debug-mt|x64
		{DD26F57E-60F2-4F37-A616-D219A9BF338F}.EasyTest|x64.Build.0 = Debug-mt|x64
		{DD26F57E-60F2-4F37-A616-D219A9BF338F}.EasyTest|x86.ActiveCfg = Debug-mt|Win32
		{DD26F57E-60F2-4F37-A616-D219A9BF338F}.EasyTest|x86.Build.0 = Debug-mt|Win32
		{DD26F57E-60F2-4F37-A616-D219A9BF338F}.Release|Any CPU.ActiveCfg = Release|Win32
		{DD26F57E-60F2-4F37-A616-D219A9BF338F}.Release|Mixed Platforms.ActiveCfg = Release|Win32
		{DD26F57E-60F2-4F37-A616-D219A9BF338F}.Release|Mixed Platforms.Build.0 = Release|Win32
		{DD26F57E-60F2-4F37-A616-D219A9BF338F}.Release|Win32.ActiveCfg = Release|Win32
		{DD26F57E-60F2-4F37-A616-D219A9BF338F}.Release|Win32.Build.0 = Release|Win32
		{DD26F57E-60F2-4F37-A616-D219A9BF338F}.Release|x64.ActiveCfg = Release|x64
		{DD26F57E-60F2-4F37-A616-D219A9BF338F}.Release|x64.Build.0 = Release|x64
		{DD26F57E-60F2-4F37-A616-D219A9BF338F}.Release|x86.ActiveCfg = Release|Win32
		{DD26F57E-60F2-4F37-A616-D219A9BF338F}.Release|x86.Build.0 = Release|Win32
		{DD26F57E-60F2-4F37-A616-D219A9BF338F}.Release-mt|Any CPU.ActiveCfg = Release-mt|Win32
		{DD26F57E-60F2-4F37-A616-D219A9BF338F}.Release-mt|Mixed Platforms.ActiveCfg = Release-mt|Win32
		{DD26F57E-60F2-4F37-A616-D219A9BF338F}.Release-mt|Mixed Platforms.Build.0 = Release-mt|Win32
		{DD26F57E-60F2-4F37-A616-D219A9BF338F}.Release-mt|Win32.ActiveCfg = Release-mt|Win32
		{DD26F57E-60F2-4F37-A616-D219A9BF338F}.Release-mt|Win32.Build.0 = Release-mt|Win32
		{DD26F57E-60F2-4F37-A616-D219A9BF338F}.Release-mt|x64.ActiveCfg = Release-mt|x64
		{DD26F57E-60F2-4F37-A616-D219A9BF338F}.Release-mt|x64.Build.0 = Release-mt|x64
		{DD26F57E-60F2-4F37-A616-D219A9BF338F}.Release-mt|x86.ActiveCfg = Release-mt|Win32
		{DD26F57E-60F2-4F37-A616-D219A9BF338F}.Release-mt|x86.Build.0 = Release-mt|Win32
		{597E4359-97AF-43F3-8C84-99B15ED0795F}.Debug|Any CPU.ActiveCfg = Debug|Win32
		{597E4359-97AF-43F3-8C84-99B15ED0795F}.Debug|Mixed Platforms.ActiveCfg = Debug|Win32
		{597E4359-97AF-43F3-8C84-99B15ED0795F}.Debug|Mixed Platforms.Build.0 = Debug|Win32
		{597E4359-97AF-43F3-8C84-99B15ED0795F}.Debug|Win32.ActiveCfg = Debug|Win32
		{597E4359-97AF-43F3-8C84-99B15ED0795F}.Debug|Win32.Build.0 = Debug|Win32
		{597E4359-97AF-43F3-8C84-99B15ED0795F}.Debug|x64.ActiveCfg = Debug|Win32
		{597E4359-97AF-43F3-8C84-99B15ED0795F}.Debug|x86.ActiveCfg = Debug|Win32
		{597E4359-97AF-43F3-8C84-99B15ED0795F}.Debug|x86.Build.0 = Debug|Win32
		{597E4359-97AF-43F3-8C84-99B15ED0795F}.Debug-mt|Any CPU.ActiveCfg = Debug|Win32
		{597E4359-97AF-43F3-8C84-99B15ED0795F}.Debug-mt|Mixed Platforms.ActiveCfg = Debug|Win32
		{597E4359-97AF-43F3-8C84-99B15ED0795F}.Debug-mt|Mixed Platforms.Build.0 = Debug|Win32
		{597E4359-97AF-43F3-8C84-99B15ED0795F}.Debug-mt|Win32.ActiveCfg = Debug|Win32
		{597E4359-97AF-43F3-8C84-99B15ED0795F}.Debug-mt|Win32.Build.0 = Debug|Win32
		{597E4359-97AF-43F3-8C84-99B15ED0795F}.Debug-mt|x64.ActiveCfg = Debug|Win32
		{597E4359-97AF-43F3-8C84-99B15ED0795F}.Debug-mt|x86.ActiveCfg = Debug|Win32
		{597E4359-97AF-43F3-8C84-99B15ED0795F}.Debug-mt|x86.Build.0 = Debug|Win32
		{597E4359-97AF-43F3-8C84-99B15ED0795F}.EasyTest|Any CPU.ActiveCfg = Release|Win32
		{597E4359-97AF-43F3-8C84-99B15ED0795F}.EasyTest|Mixed Platforms.ActiveCfg = Release|Win32
		{597E4359-97AF-43F3-8C84-99B15ED0795F}.EasyTest|Mixed Platforms.Build.0 = Release|Win32
		{597E4359-97AF-43F3-8C84-99B15ED0795F}.EasyTest|Win32.ActiveCfg = Release|Win32
		{597E4359-97AF-43F3-8C84-99B15ED0795F}.EasyTest|Win32.Build.0 = Release|Win32
		{597E4359-97AF-43F3-8C84-99B15ED0795F}.EasyTest|x64.ActiveCfg = Release|Win32
		{597E4359-97AF-43F3-8C84-99B15ED0795F}.EasyTest|x86.ActiveCfg = Release|Win32
		{597E4359-97AF-43F3-8C84-99B15ED0795F}.EasyTest|x86.Build.0 = Release|Win32
		{597E4359-97AF-43F3-8C84-99B15ED0795F}.Release|Any CPU.ActiveCfg = Release|Win32
		{597E4359-97AF-43F3-8C84-99B15ED0795F}.Release|Mixed Platforms.ActiveCfg = Release|Win32
		{597E4359-97AF-43F3-8C84-99B15ED0795F}.Release|Mixed Platforms.Build.0 = Release|Win32
		{597E4359-97AF-43F3-8C84-99B15ED0795F}.Release|Win32.ActiveCfg = Release|Win32
		{597E4359-97AF-43F3-8C84-99B15ED0795F}.Release|Win32.Build.0 = Release|Win32
		{597E4359-97AF-43F3-8C84-99B15ED0795F}.Release|x64.ActiveCfg = Release|Win32
		{597E4359-97AF-43F3-8C84-99B15ED0795F}.Release|x86.ActiveCfg = Release|Win32
		{597E4359-97AF-43F3-8C84-99B15ED0795F}.Release|x86.Build.0 = Release|Win32
		{597E4359-97AF-43F3-8C84-99B15ED0795F}.Release-mt|Any CPU.ActiveCfg = Release|Win32
		{597E4359-97AF-43F3-8C84-99B15ED0795F}.Release-mt|Mixed Platforms.ActiveCfg = Release|Win32
		{597E4359-97AF-43F3-8C84-99B15ED0795F}.Release-mt|Mixed Platforms.Build.0 = Release|Win32
		{597E4359-97AF-43F3-8C84-99B15ED0795F}.Release-mt|Win32.ActiveCfg = Release|Win32
		{597E4359-97AF-43F3-8C84-99B15ED0795F}.Release-mt|Win32.Build.0 = Release|Win32
		{597E4359-97AF-43F3-8C84-99B15ED0795F}.Release-mt|x64.ActiveCfg = Release|Win32
		{597E4359-97AF-43F3-8C84-99B15ED0795F}.Release-mt|x86.ActiveCfg = Release|Win32
		{597E4359-97AF-43F3-8C84-99B15ED0795F}.Release-mt|x86.Build.0 = Release|Win32
	EndGlobalSection
	GlobalSection(SolutionProperties) = preSolution
		HideSolutionNode = FALSE
	EndGlobalSection
EndGlobal
